// !$*UTF8*$!
{
	archiveVersion = 1;
	classes = {};
	objectVersion = 56;
	objects = {

/* Begin PBXBuildFile section */
		CAD37C27917B43F3B76960A6 /* AOSApp.swift in Sources */ = {isa = PBXBuildFile; fileRef = 5564EF4E6C66448A894C4ED1 /* AOSApp.swift */; };
		BA8837E3A82B450F972859B1 /* SyncableEntity.swift in Sources */ = {isa = PBXBuildFile; fileRef = D407F66BB456476090B93794 /* SyncableEntity.swift */; };
		658515A6E994484FB6AE3CC9 /* AdvancedFinanceModels.swift in Sources */ = {isa = PBXBuildFile; fileRef = 7DE80869202C471A88BDBBC4 /* AdvancedFinanceModels.swift */; };
		09FEA54E3E0249E393F04E0A /* Book.swift in Sources */ = {isa = PBXBuildFile; fileRef = A21B65AD42AF4CA291CD629D /* Book.swift */; };
		D8EF08A6030E415E93E7768E /* BusinessBuilderModels.swift in Sources */ = {isa = PBXBuildFile; fileRef = 04929F0676E04034BEBACDCF /* BusinessBuilderModels.swift */; };
		F0A1F5A5CF874D7E955B1E2D /* CEODecision.swift in Sources */ = {isa = PBXBuildFile; fileRef = 5B7DD7AED42B4CAF8651D692 /* CEODecision.swift */; };
		BBD193485C034E80B83215BA /* ChatMessage.swift in Sources */ = {isa = PBXBuildFile; fileRef = 9BA984FFEA1747E9B6B6DBAA /* ChatMessage.swift */; };
		9E658DBDF6454CD8ADD78DA5 /* CodingProblem.swift in Sources */ = {isa = PBXBuildFile; fileRef = C244C2452C7741F98E075581 /* CodingProblem.swift */; };
		6DD2F3E452AD4C1C99EFEFA9 /* CompanyBuilderModels.swift in Sources */ = {isa = PBXBuildFile; fileRef = 8E690BE9FEA64AADB72AD2D4 /* CompanyBuilderModels.swift */; };
		D798CE5A094E4841A5E1E5E3 /* DailyMission.swift in Sources */ = {isa = PBXBuildFile; fileRef = 5F0C8E9BA70341D089B4804E /* DailyMission.swift */; };
		5EE69DDFE3314A9F92425B18 /* FinancialAccount.swift in Sources */ = {isa = PBXBuildFile; fileRef = 92B33BF6A50B40ADBB88D410 /* FinancialAccount.swift */; };
		9E1EA89A584949EB854ECEAC /* Flashcard.swift in Sources */ = {isa = PBXBuildFile; fileRef = 3665A7A640D043079DA77C51 /* Flashcard.swift */; };
		5BCCD6D92A16468ABD71FB2C /* Goal.swift in Sources */ = {isa = PBXBuildFile; fileRef = 6653C1824D604F8B857E596D /* Goal.swift */; };
		860D3B334BAB45B9A0CB4C41 /* Habit.swift in Sources */ = {isa = PBXBuildFile; fileRef = D039A3571F2C4B15AF13BF6D /* Habit.swift */; };
		AC7DCD71BC284B6F9BBE7EFF /* JournalEntry.swift in Sources */ = {isa = PBXBuildFile; fileRef = 5224DFC9A7464BE4A1575482 /* JournalEntry.swift */; };
		DEB615FD69B84F5CA1FD42CC /* LeanCanvas.swift in Sources */ = {isa = PBXBuildFile; fileRef = 1E962F61DE0F457886A1582A /* LeanCanvas.swift */; };
		89CBD13DAA9745CBAF1C90E9 /* RoadmapNode.swift in Sources */ = {isa = PBXBuildFile; fileRef = 43C027CBAA5949B7A71136B3 /* RoadmapNode.swift */; };
		7C73BB2E4D59414A8F658B9F /* SandboxDTOs.swift in Sources */ = {isa = PBXBuildFile; fileRef = A6E5A14EE1A845FEBADEAFAC /* SandboxDTOs.swift */; };
		0046910B4192465D93DFEE15 /* Transaction.swift in Sources */ = {isa = PBXBuildFile; fileRef = 849103B30DF4482FB832F14B /* Transaction.swift */; };
		B1D974A277A045AE9287D966 /* TypingSession.swift in Sources */ = {isa = PBXBuildFile; fileRef = D778C247830849AF8B0D1214 /* TypingSession.swift */; };
		49264D08CFA84921B4FB0214 /* User.swift in Sources */ = {isa = PBXBuildFile; fileRef = 1F9908DAC86745B3B7DA0A6E /* User.swift */; };
		6BE70A34B807437AA372C85D /* AOSStorageManager.swift in Sources */ = {isa = PBXBuildFile; fileRef = F9A2A08AF3074E09927054A7 /* AOSStorageManager.swift */; };
		73741A1216B944C19B00564F /* StorageError.swift in Sources */ = {isa = PBXBuildFile; fileRef = 3AA621501987400EA394718F /* StorageError.swift */; };
		005C726682F3427BA26D3325 /* AdvancedFinanceRepositoryProtocol.swift in Sources */ = {isa = PBXBuildFile; fileRef = 2957FD1A07EA4C05BA0C8B9F /* AdvancedFinanceRepositoryProtocol.swift */; };
		224BDF9B1F9D4C9FBC3F8A72 /* AOSAdvancedFinanceRepository.swift in Sources */ = {isa = PBXBuildFile; fileRef = FBB8676140614DB5932ED3CE /* AOSAdvancedFinanceRepository.swift */; };
		1AF1858831464D4399D95642 /* AOSBusinessBuilderRepository.swift in Sources */ = {isa = PBXBuildFile; fileRef = 63503F80B29D4E03A6B76044 /* AOSBusinessBuilderRepository.swift */; };
		8030EF7335D44255BB85E466 /* AOSBusinessRepository.swift in Sources */ = {isa = PBXBuildFile; fileRef = B5FFE6A4605E40209CF29D2D /* AOSBusinessRepository.swift */; };
		05B7749692B64FC8BEA151FF /* AOSCEODecisionRepository.swift in Sources */ = {isa = PBXBuildFile; fileRef = 610C43EBD25B4EA4B509364F /* AOSCEODecisionRepository.swift */; };
		B99CCCABB5FD44B59FF70AF8 /* AOSChatMessageRepository.swift in Sources */ = {isa = PBXBuildFile; fileRef = 4AD9E301289943E484013B81 /* AOSChatMessageRepository.swift */; };
		A7A7F8126B4D4E998C18F34F /* AOSCodingProblemRepository.swift in Sources */ = {isa = PBXBuildFile; fileRef = 456BA1DB73464E05B639F570 /* AOSCodingProblemRepository.swift */; };
		EE4614D6F4ED42C9B9D6F29E /* AOSCompanyBuilderRepository.swift in Sources */ = {isa = PBXBuildFile; fileRef = 35A31D3E7AAA4870BA1A1192 /* AOSCompanyBuilderRepository.swift */; };
		16C37855615D4B779E6E5112 /* AOSDailyMissionRepository.swift in Sources */ = {isa = PBXBuildFile; fileRef = 134737FBA6A944DE8809A5BA /* AOSDailyMissionRepository.swift */; };
		7AAF6077EB584A27B2841F01 /* AOSFinanceRepository.swift in Sources */ = {isa = PBXBuildFile; fileRef = 31CBCC6D12F1400DBB82D61C /* AOSFinanceRepository.swift */; };
		1F61AB8BDC3A440E9967D8D5 /* AOSGoalRepository.swift in Sources */ = {isa = PBXBuildFile; fileRef = E78F70AE1CB342D093DCE55E /* AOSGoalRepository.swift */; };
		82A8B8B439E14163A6508A8F /* AOSHabitRepository.swift in Sources */ = {isa = PBXBuildFile; fileRef = A418D4AD9DF14ACE954A6707 /* AOSHabitRepository.swift */; };
		C36E5BFB2D3746BD88CCAF1D /* AOSJournalRepository.swift in Sources */ = {isa = PBXBuildFile; fileRef = 50CAEAA09F704725AC5DDB33 /* AOSJournalRepository.swift */; };
		811002E1B2E843C0A087DEA0 /* AOSReadingRepository.swift in Sources */ = {isa = PBXBuildFile; fileRef = 0C2BD72A65F44EE18C871C4B /* AOSReadingRepository.swift */; };
		ABDCA4CD82BF42EFAEAB9CA6 /* AOSRoadmapRepository.swift in Sources */ = {isa = PBXBuildFile; fileRef = 32E4CB23F0524DA195460335 /* AOSRoadmapRepository.swift */; };
		3617F41C27BB48A6883D8A12 /* AOSTypingRepository.swift in Sources */ = {isa = PBXBuildFile; fileRef = 913537F293884E8B99C4AE0B /* AOSTypingRepository.swift */; };
		10AE93E9C67F49C891CEB371 /* AOSUserRepository.swift in Sources */ = {isa = PBXBuildFile; fileRef = BBD1EF3267804517B3F701D8 /* AOSUserRepository.swift */; };
		C44503AC93BF4778A8E463DD /* BusinessBuilderRepositoryProtocol.swift in Sources */ = {isa = PBXBuildFile; fileRef = 499547B9C3024E888937B3C7 /* BusinessBuilderRepositoryProtocol.swift */; };
		EBCC41E263D44D9F9F341B28 /* BusinessRepositoryProtocol.swift in Sources */ = {isa = PBXBuildFile; fileRef = FEF67F7658B641F99E963C5E /* BusinessRepositoryProtocol.swift */; };
		98080440635E480CA4A9BA84 /* CEODecisionRepositoryProtocol.swift in Sources */ = {isa = PBXBuildFile; fileRef = 9230D6B700DB4758851F116A /* CEODecisionRepositoryProtocol.swift */; };
		89AE131C713646E88208FBF6 /* ChatMessageRepositoryProtocol.swift in Sources */ = {isa = PBXBuildFile; fileRef = 9A0BA0552C554454A069ED04 /* ChatMessageRepositoryProtocol.swift */; };
		7C0AEAF0EE61407F8DB862B4 /* CodingProblemRepositoryProtocol.swift in Sources */ = {isa = PBXBuildFile; fileRef = 99FD4B0BAB0B47209957CEEB /* CodingProblemRepositoryProtocol.swift */; };
		94047A36737543DEAB9AC142 /* CompanyBuilderRepositoryProtocol.swift in Sources */ = {isa = PBXBuildFile; fileRef = 4FE729A620884C0C9049BAE6 /* CompanyBuilderRepositoryProtocol.swift */; };
		89C484A6CBFA4B21B9790813 /* DailyMissionRepositoryProtocol.swift in Sources */ = {isa = PBXBuildFile; fileRef = 3A6CA85786224096939CDC1D /* DailyMissionRepositoryProtocol.swift */; };
		1A37A0C8070842F08C4A361E /* FinanceRepositoryProtocol.swift in Sources */ = {isa = PBXBuildFile; fileRef = 78F94BADA83342ACADE55550 /* FinanceRepositoryProtocol.swift */; };
		EF5C8007BA6F466C93607B1D /* GoalRepositoryProtocol.swift in Sources */ = {isa = PBXBuildFile; fileRef = 40FCAF8806AA4188B2A65F4F /* GoalRepositoryProtocol.swift */; };
		6C01B6B0775D4743A688EF2C /* HabitRepositoryProtocol.swift in Sources */ = {isa = PBXBuildFile; fileRef = F8B2F9028DD94825B966CAE0 /* HabitRepositoryProtocol.swift */; };
		A3D81102A09F4F6BB7A0DE99 /* JournalRepositoryProtocol.swift in Sources */ = {isa = PBXBuildFile; fileRef = D8E8AB6E9AB9473BA8D20563 /* JournalRepositoryProtocol.swift */; };
		DF79E47FD5CE4254B578F720 /* ReadingRepositoryProtocol.swift in Sources */ = {isa = PBXBuildFile; fileRef = E739FD182C7E44E789AE8677 /* ReadingRepositoryProtocol.swift */; };
		09357163F7FF42DCBCD66479 /* RoadmapRepositoryProtocol.swift in Sources */ = {isa = PBXBuildFile; fileRef = 32AFABF3621849978E623B6D /* RoadmapRepositoryProtocol.swift */; };
		EBFCE564876B472AB70023FB /* TypingRepositoryProtocol.swift in Sources */ = {isa = PBXBuildFile; fileRef = 9F294F5E726545E88DB853F3 /* TypingRepositoryProtocol.swift */; };
		2AB1AB42095D4542B91C03D9 /* UserRepositoryProtocol.swift in Sources */ = {isa = PBXBuildFile; fileRef = 454986D0525945D09ACE98BB /* UserRepositoryProtocol.swift */; };
		37810BDDC7554997ACD2F3EC /* AIMentorServiceProtocol.swift in Sources */ = {isa = PBXBuildFile; fileRef = 104E91B746D74497A782D0A6 /* AIMentorServiceProtocol.swift */; };
		323F5F65F73348AC98AEA8FF /* AOSAIMentorService.swift in Sources */ = {isa = PBXBuildFile; fileRef = B10926F184114114858A09D2 /* AOSAIMentorService.swift */; };
		B664D202037F4F41842C8150 /* AIMentorState.swift in Sources */ = {isa = PBXBuildFile; fileRef = ACE725C967864384BD92D0A7 /* AIMentorState.swift */; };
		66524B93C3294F13A85D36DD /* AIError.swift in Sources */ = {isa = PBXBuildFile; fileRef = 13C5E2291623411CA2A316D4 /* AIError.swift */; };
		59EB91DD38F641CC8BA85430 /* AIMentorViewModel.swift in Sources */ = {isa = PBXBuildFile; fileRef = A8BB8207D6E04F928B3E9726 /* AIMentorViewModel.swift */; };
		4FF83BE0F6BC4FAF852FA02A /* AIMentorView.swift in Sources */ = {isa = PBXBuildFile; fileRef = D32DE4328BE24E769777CFE9 /* AIMentorView.swift */; };
		9DC19D53F05D4D5BB8F1BDDA /* ChatBubbleView.swift in Sources */ = {isa = PBXBuildFile; fileRef = 4C4F61E4AD284F49A42BF2CC /* ChatBubbleView.swift */; };
		9952F183B65040F18F393058 /* AuthDTOs.swift in Sources */ = {isa = PBXBuildFile; fileRef = BF950DFB152E4CE8B74D6ECD /* AuthDTOs.swift */; };
		5A08A729F0DA4EB4B863FF60 /* UserSession.swift in Sources */ = {isa = PBXBuildFile; fileRef = D97881C0943D43E8896728A5 /* UserSession.swift */; };
		FB06BE4684B34A6E9C4364DD /* AuthCoordinator.swift in Sources */ = {isa = PBXBuildFile; fileRef = 4C92F50FA6A342589555FDAE /* AuthCoordinator.swift */; };
		5B54EF8EAB5F446BBB66D424 /* AOSAuthenticationService.swift in Sources */ = {isa = PBXBuildFile; fileRef = 702D1241765E4E3A8F42177A /* AOSAuthenticationService.swift */; };
		9ACD87F686DF4DEFB84D404B /* AuthenticationServiceProtocol.swift in Sources */ = {isa = PBXBuildFile; fileRef = F78B0AF458C1446CBD7B0C68 /* AuthenticationServiceProtocol.swift */; };
		F71C5529216344F3BE41E96F /* AuthenticationState.swift in Sources */ = {isa = PBXBuildFile; fileRef = 00120AD2C62647ADB444A16D /* AuthenticationState.swift */; };
		07523D1CD0B549BF81410544 /* AuthError.swift in Sources */ = {isa = PBXBuildFile; fileRef = CCAAD775F2E24F9F912E1CC5 /* AuthError.swift */; };
		E13E9EB3D5F143498090320B /* AuthValidator.swift in Sources */ = {isa = PBXBuildFile; fileRef = 2287AF3C74054BB98D48A01F /* AuthValidator.swift */; };
		E1F3514F7C014033A5997CB6 /* ForgotPasswordViewModel.swift in Sources */ = {isa = PBXBuildFile; fileRef = 2F18E0EA672B47D69413C7E1 /* ForgotPasswordViewModel.swift */; };
		5FDAD9F0536946D29859B516 /* LoginViewModel.swift in Sources */ = {isa = PBXBuildFile; fileRef = 7F65F65207214BA29189AC96 /* LoginViewModel.swift */; };
		273F268FA11F4FD592E5184C /* ProfileSetupViewModel.swift in Sources */ = {isa = PBXBuildFile; fileRef = 422F0E9FCB5D414D9B2DFB0F /* ProfileSetupViewModel.swift */; };
		CA097785BB46474795F847BD /* SignupViewModel.swift in Sources */ = {isa = PBXBuildFile; fileRef = E565A386D439459FBBF43FBF /* SignupViewModel.swift */; };
		D55A6BBB43A2432E806B12DB /* ForgotPasswordView.swift in Sources */ = {isa = PBXBuildFile; fileRef = F66A41A1433142D0961DA363 /* ForgotPasswordView.swift */; };
		4E1AC175BE814D2FB80C8D7A /* LoginView.swift in Sources */ = {isa = PBXBuildFile; fileRef = 0E01C28FDA574A29BE2B378B /* LoginView.swift */; };
		C11A23A1C9EE430D9C4A61BD /* ProfileSetupView.swift in Sources */ = {isa = PBXBuildFile; fileRef = 27602EC04A1F494B9D346BF0 /* ProfileSetupView.swift */; };
		EC3AFFEB45864D7EB709CFB0 /* SignupView.swift in Sources */ = {isa = PBXBuildFile; fileRef = 015A549B77BF460CA54B78E7 /* SignupView.swift */; };
		CF2BF3DC813842B2B447D070 /* BusinessBuilderState.swift in Sources */ = {isa = PBXBuildFile; fileRef = 4931151E7B384E0B868E96AC /* BusinessBuilderState.swift */; };
		A62A4A068DB84197A0BB9666 /* BusinessState.swift in Sources */ = {isa = PBXBuildFile; fileRef = 06124388F83847599A9AFDB0 /* BusinessState.swift */; };
		137B43A0ECC349F79D95B6F0 /* BusinessBuilderError.swift in Sources */ = {isa = PBXBuildFile; fileRef = D6C83B0AEB1E4495AAF17B87 /* BusinessBuilderError.swift */; };
		4DFD208DEF274D91955C6419 /* BusinessError.swift in Sources */ = {isa = PBXBuildFile; fileRef = B3882D90D16E4003B3C0B415 /* BusinessError.swift */; };
		5AC7557345AE44E083A79F88 /* AIBusinessMentorViewModel.swift in Sources */ = {isa = PBXBuildFile; fileRef = 2E99650A49034D3FB0B045F2 /* AIBusinessMentorViewModel.swift */; };
		2379A2FCAA6C464A8A51A238 /* BusinessBuilderViewModel.swift in Sources */ = {isa = PBXBuildFile; fileRef = CB91869A3F864B5BB3BC720E /* BusinessBuilderViewModel.swift */; };
		5DAD87A528034B2A88E7C839 /* BusinessViewModel.swift in Sources */ = {isa = PBXBuildFile; fileRef = 6A1AD08934774C5EA9E2D60F /* BusinessViewModel.swift */; };
		5CD5DF13CBE04BFFAF0A8678 /* BusinessBuilderDashboardView.swift in Sources */ = {isa = PBXBuildFile; fileRef = 560D954DC5484C8AB444C3A6 /* BusinessBuilderDashboardView.swift */; };
		151A63703C5A48C0B3661DD2 /* EditCanvasBoxView.swift in Sources */ = {isa = PBXBuildFile; fileRef = 2C0CEAC0A2DA4B5F9CF1F187 /* EditCanvasBoxView.swift */; };
		F530793C059F43FD9932A008 /* LeanCanvasView.swift in Sources */ = {isa = PBXBuildFile; fileRef = EE2974AA12A54A549F7A3E22 /* LeanCanvasView.swift */; };
		F94FCE6F748D44FFB3818CD5 /* StartupIdeaDetailView.swift in Sources */ = {isa = PBXBuildFile; fileRef = 79775061E0D74B59AAE663FD /* StartupIdeaDetailView.swift */; };
		6DBE3A1BAD184559BB9A2C5D /* CodingState.swift in Sources */ = {isa = PBXBuildFile; fileRef = 8FF198BF50E44DEBB4F41A77 /* CodingState.swift */; };
		E3598B023751412295058080 /* PracticeState.swift in Sources */ = {isa = PBXBuildFile; fileRef = CCDD33A769F34DAEBF5EF912 /* PracticeState.swift */; };
		10134D0E5B434A3188202836 /* TypingState.swift in Sources */ = {isa = PBXBuildFile; fileRef = 1D3DE093F6604B45A57B955C /* TypingState.swift */; };
		3DD31A0D8C8947BE8218E13C /* CodingError.swift in Sources */ = {isa = PBXBuildFile; fileRef = 6E3CAE9073B34ECBAA73C0EF /* CodingError.swift */; };
		66F9FFA8FFC3495692153C2F /* PracticeError.swift in Sources */ = {isa = PBXBuildFile; fileRef = 8D7A2FC070634D8FB843558C /* PracticeError.swift */; };
		0478771316444FDAB1F174D5 /* TypingError.swift in Sources */ = {isa = PBXBuildFile; fileRef = 29B9B3674C254313B72E7B3F /* TypingError.swift */; };
		55578A81B448444AAF79DD6B /* CodingPracticeViewModel.swift in Sources */ = {isa = PBXBuildFile; fileRef = F5C7E23F598A49729CAB5651 /* CodingPracticeViewModel.swift */; };
		322D5F530E264659B28E4924 /* RoadmapViewModel.swift in Sources */ = {isa = PBXBuildFile; fileRef = 4C07F45249B24C17B34EE9CC /* RoadmapViewModel.swift */; };
		F0A31BFEADA04A1183DC69E9 /* TypingTrainerViewModel.swift in Sources */ = {isa = PBXBuildFile; fileRef = D19E057BA18B4F7AA0D0A90F /* TypingTrainerViewModel.swift */; };
		9D558D1804C4496D81238175 /* CodeEditorView.swift in Sources */ = {isa = PBXBuildFile; fileRef = B25BB1BB498342278B146D82 /* CodeEditorView.swift */; };
		CD63DEF67A444879935D3431 /* CodingPracticeListView.swift in Sources */ = {isa = PBXBuildFile; fileRef = FF0248F3A4814C02B59A415A /* CodingPracticeListView.swift */; };
		945C70C6B6284C37B03BF9D0 /* QuizView.swift in Sources */ = {isa = PBXBuildFile; fileRef = 5890E3EA757D4DE2BBF8ECD6 /* QuizView.swift */; };
		71854E0BB3824965B6F9E72D /* RoadmapView.swift in Sources */ = {isa = PBXBuildFile; fileRef = 8D4CDF4E235B49FFB7053017 /* RoadmapView.swift */; };
		D28BC3E7A6D1424CA9492890 /* TypingTrainerView.swift in Sources */ = {isa = PBXBuildFile; fileRef = C47D2FC00C30475684382BE4 /* TypingTrainerView.swift */; };
		544D5DF5E70449ACB894D705 /* AOSCommonTypes.swift in Sources */ = {isa = PBXBuildFile; fileRef = 9C769209E7EE42829245D2B0 /* AOSCommonTypes.swift */; };
		4B559AB305F549F3974C9B64 /* AOSNotificationManager.swift in Sources */ = {isa = PBXBuildFile; fileRef = 155208EBDCA44337A81FAFD6 /* AOSNotificationManager.swift */; };
		3536F90F11244FD6B9CB3135 /* CompanyBuilderState.swift in Sources */ = {isa = PBXBuildFile; fileRef = 6DB17123977F4B25ABE7D00F /* CompanyBuilderState.swift */; };
		E6529DD6E7904B19806F7F57 /* CompanyBuilderError.swift in Sources */ = {isa = PBXBuildFile; fileRef = 63ACE42773974EACB41008EF /* CompanyBuilderError.swift */; };
		D725484DA60A4DFB84CAD22C /* AICompanyAdvisorViewModel.swift in Sources */ = {isa = PBXBuildFile; fileRef = CFF0AA53E03045FD8FE3D6EA /* AICompanyAdvisorViewModel.swift */; };
		4D6E90451A0B445BBDA3EBCB /* CompanyBuilderViewModel.swift in Sources */ = {isa = PBXBuildFile; fileRef = C65B734A4CFF407E976995EC /* CompanyBuilderViewModel.swift */; };
		0F3E281A881043CFAE70A16B /* CompanyBuilderDashboardView.swift in Sources */ = {isa = PBXBuildFile; fileRef = 46D86162C0F349CDA8016D4C /* CompanyBuilderDashboardView.swift */; };
		3B2A41402C8D40A99A57B5E5 /* CompanyDetailView.swift in Sources */ = {isa = PBXBuildFile; fileRef = D4F5A3C7FD1948E780CBCAAD /* CompanyDetailView.swift */; };
		1EB4913DCD694CA596516CC6 /* DailyMissionState.swift in Sources */ = {isa = PBXBuildFile; fileRef = C52782EF70004092A03F506A /* DailyMissionState.swift */; };
		81DD610C83DE4DCFAAC79CBE /* DailyMissionError.swift in Sources */ = {isa = PBXBuildFile; fileRef = 43528C697ED248FBA23247E0 /* DailyMissionError.swift */; };
		401ABDC3191D4BB3854B24DE /* DailyMissionViewModel.swift in Sources */ = {isa = PBXBuildFile; fileRef = B852B1EFAF7B415FA87B1752 /* DailyMissionViewModel.swift */; };
		3EA737BD51354772B7FE8884 /* DailyMissionView.swift in Sources */ = {isa = PBXBuildFile; fileRef = B05DE8B05A864F7181EA7B02 /* DailyMissionView.swift */; };
		5A96A37DA11349B5AAE837EF /* DashboardWidget.swift in Sources */ = {isa = PBXBuildFile; fileRef = 26DFA31704B1421FAC008595 /* DashboardWidget.swift */; };
		9B826AB5D3D24A5AA4A6021B /* SensorContext.swift in Sources */ = {isa = PBXBuildFile; fileRef = 013B755B1ACB4B1EA909D2A6 /* SensorContext.swift */; };
		BD905FBCA7A64C01B531445A /* AOSDashboardService.swift in Sources */ = {isa = PBXBuildFile; fileRef = 75C84D961F70459081017644 /* AOSDashboardService.swift */; };
		AA8D03764B70427D97EFBB7E /* DashboardServiceProtocol.swift in Sources */ = {isa = PBXBuildFile; fileRef = 8DF5D470F7144735A69FEBB6 /* DashboardServiceProtocol.swift */; };
		A6D869DB9D7F4930ABD8CE2C /* CEODashboardState.swift in Sources */ = {isa = PBXBuildFile; fileRef = 6FB116B402644009A44694A7 /* CEODashboardState.swift */; };
		81D50A78157C4A0596486549 /* CEODashboardError.swift in Sources */ = {isa = PBXBuildFile; fileRef = 5054018482FE45EB885265DA /* CEODashboardError.swift */; };
		248E0691C33842CE8ECEE97A /* AICEODecisionAdvisorViewModel.swift in Sources */ = {isa = PBXBuildFile; fileRef = 983DE6D4A9844D8590EA1F9B /* AICEODecisionAdvisorViewModel.swift */; };
		D2973126D3A94A9A957706E4 /* CEODashboardViewModel.swift in Sources */ = {isa = PBXBuildFile; fileRef = A367637D3B81473AA79491C2 /* CEODashboardViewModel.swift */; };
		D6E990D2E1834F87950DF1BC /* DashboardViewModel.swift in Sources */ = {isa = PBXBuildFile; fileRef = 4808996B868C47588A6FD92B /* DashboardViewModel.swift */; };
		8EFC35CE2D7C4219A8AF5DB8 /* CEODashboardConsoleView.swift in Sources */ = {isa = PBXBuildFile; fileRef = DF1DC3A78D7049CA8799156B /* CEODashboardConsoleView.swift */; };
		273882EE3BA146C6AF4107AB /* DashboardView.swift in Sources */ = {isa = PBXBuildFile; fileRef = 8AD45C2DA93A4A1FB4A57AD6 /* DashboardView.swift */; };
		C501FC322D0247C685F823D9 /* MainAppContainerView.swift in Sources */ = {isa = PBXBuildFile; fileRef = A1C6712C506E47CD920336A0 /* MainAppContainerView.swift */; };
		83514B4D263C49D4BD53668A /* CEOWorkspaceView.swift in Sources */ = {isa = PBXBuildFile; fileRef = 0852799FD64C4908B01671F8 /* CEOWorkspaceView.swift */; };
		9E35A9AABF4643DCA2354290 /* DeveloperWorkspaceView.swift in Sources */ = {isa = PBXBuildFile; fileRef = CBD277CD926B46F9AEA8316D /* DeveloperWorkspaceView.swift */; };
		95CADFF80B18485C85E3EFFB /* EmployeeWorkspaceView.swift in Sources */ = {isa = PBXBuildFile; fileRef = 2CE4B0FF2C534EB39C6955C4 /* EmployeeWorkspaceView.swift */; };
		271D0186F84243C68A8DEB55 /* EntrepreneurWorkspaceView.swift in Sources */ = {isa = PBXBuildFile; fileRef = 817EF253830C496BB609D523 /* EntrepreneurWorkspaceView.swift */; };
		F4C3838E072240DB81AF6322 /* AdvancedFinanceState.swift in Sources */ = {isa = PBXBuildFile; fileRef = C54760352415445191A8E269 /* AdvancedFinanceState.swift */; };
		E2AF50AF377D4DE895A0462F /* FinanceState.swift in Sources */ = {isa = PBXBuildFile; fileRef = 087C15926F944DA0A6752EB1 /* FinanceState.swift */; };
		CBD2269870914CAC84794C68 /* AdvancedFinanceError.swift in Sources */ = {isa = PBXBuildFile; fileRef = 44C49F75C61B43DCAEB8C479 /* AdvancedFinanceError.swift */; };
		CD2C4D3148AC472E95E9B4A4 /* FinanceError.swift in Sources */ = {isa = PBXBuildFile; fileRef = 0A96E4AA249446B294B261EC /* FinanceError.swift */; };
		8E2944E4E628411E898E582D /* AdvancedFinanceViewModel.swift in Sources */ = {isa = PBXBuildFile; fileRef = 7B810BCC71DC4CD88EC88527 /* AdvancedFinanceViewModel.swift */; };
		2FC9E71204C14A229D4814C8 /* AIFinanceInsightsViewModel.swift in Sources */ = {isa = PBXBuildFile; fileRef = ADA0A9656A844116AC7EA90B /* AIFinanceInsightsViewModel.swift */; };
		3950E1870EE24476909EDF18 /* FinanceViewModel.swift in Sources */ = {isa = PBXBuildFile; fileRef = 4EA6F47304644A57BE7407AE /* FinanceViewModel.swift */; };
		283FDE10268F4520A8B37021 /* AdvancedFinanceDashboardView.swift in Sources */ = {isa = PBXBuildFile; fileRef = 9F00096F4FAA491A9301CDF6 /* AdvancedFinanceDashboardView.swift */; };
		0B920CCDC1F748AEA5B6E423 /* BudgetPlannerView.swift in Sources */ = {isa = PBXBuildFile; fileRef = 762ABB0B75144E58BCA36416 /* BudgetPlannerView.swift */; };
		C675DA52C7E74832AB695535 /* FinanceDashboardView.swift in Sources */ = {isa = PBXBuildFile; fileRef = 70F78BCAFE494855B056652C /* FinanceDashboardView.swift */; };
		6380C1A213E54651B6A1EC92 /* FinancialAnalyticsReportView.swift in Sources */ = {isa = PBXBuildFile; fileRef = B7007402A6D24532B36A2E6A /* FinancialAnalyticsReportView.swift */; };
		BFF347179961484F97433437 /* InvestmentsPortfolioView.swift in Sources */ = {isa = PBXBuildFile; fileRef = 7F49B055041A429C9E1F8E5F /* InvestmentsPortfolioView.swift */; };
		B0972CAD1B734567B5F5D706 /* LoanEMICalculatorView.swift in Sources */ = {isa = PBXBuildFile; fileRef = 2F7F5A2D493B45A5905B0A70 /* LoanEMICalculatorView.swift */; };
		9E3A0F40BD924C5B99A981B7 /* SavingsGoalsListView.swift in Sources */ = {isa = PBXBuildFile; fileRef = 539E9A37418C49998A7DA662 /* SavingsGoalsListView.swift */; };
		A0A4C8DA3AF84D8D89B7F59D /* TransactionLedgerView.swift in Sources */ = {isa = PBXBuildFile; fileRef = 5CB919153A884F72BB3E05B5 /* TransactionLedgerView.swift */; };
		460E6781B1264B38AB5BE5B2 /* GoalState.swift in Sources */ = {isa = PBXBuildFile; fileRef = 9A33063CDAE04386B930047F /* GoalState.swift */; };
		DC91943A257049B785C09CFB /* GoalError.swift in Sources */ = {isa = PBXBuildFile; fileRef = 177B5A249D3C4DA893B65854 /* GoalError.swift */; };
		835A7D67266647318A12BA9D /* GoalViewModel.swift in Sources */ = {isa = PBXBuildFile; fileRef = A91916D622404D1B80D5690A /* GoalViewModel.swift */; };
		739450DD8966437DACDE1F68 /* AddGoalView.swift in Sources */ = {isa = PBXBuildFile; fileRef = 07549FC46BF9483AA1E3FED6 /* AddGoalView.swift */; };
		12ABC64445774FB1BEBF1231 /* GoalListView.swift in Sources */ = {isa = PBXBuildFile; fileRef = 3C1BA85368A3449A85843714 /* GoalListView.swift */; };
		E24072B438C349D7B8408807 /* HabitState.swift in Sources */ = {isa = PBXBuildFile; fileRef = CA73DB504072449DAEAAA706 /* HabitState.swift */; };
		C39CF1A197C342B8BA31286D /* HabitError.swift in Sources */ = {isa = PBXBuildFile; fileRef = E2EF093689D048D5BE03FD9A /* HabitError.swift */; };
		08566CCDE9BF442F9368BA50 /* HabitViewModel.swift in Sources */ = {isa = PBXBuildFile; fileRef = D5CAB7122DB144F08303E453 /* HabitViewModel.swift */; };
		45A7159781CB42E8B258EA18 /* AddHabitView.swift in Sources */ = {isa = PBXBuildFile; fileRef = 1DE56EF33AD2433E910F393A /* AddHabitView.swift */; };
		391EA31EC75A4C11826E6BC5 /* HabitListView.swift in Sources */ = {isa = PBXBuildFile; fileRef = 96B6AD1381734D0EA3146A10 /* HabitListView.swift */; };
		175966F711F8440E9216EF2C /* JournalState.swift in Sources */ = {isa = PBXBuildFile; fileRef = F36283AFA1184080B668FA10 /* JournalState.swift */; };
		7B8FEBCBD6974F2E845903C5 /* JournalError.swift in Sources */ = {isa = PBXBuildFile; fileRef = 5476B1AE87CD4E62921C392D /* JournalError.swift */; };
		E6B2E02099664E82A9D52E42 /* JournalViewModel.swift in Sources */ = {isa = PBXBuildFile; fileRef = C729862D70DE4FB4877DB460 /* JournalViewModel.swift */; };
		801A9517849A43EBB2A6662A /* CBTReframingView.swift in Sources */ = {isa = PBXBuildFile; fileRef = 2CC36FBCF0B2448385173872 /* CBTReframingView.swift */; };
		8C153B8B48EF460692DF1F93 /* JournalEditorView.swift in Sources */ = {isa = PBXBuildFile; fileRef = 01C85639D40E410CAA99C763 /* JournalEditorView.swift */; };
		94F24585F7694FB696301C17 /* JournalListView.swift in Sources */ = {isa = PBXBuildFile; fileRef = DD098DE1D0774298B4BB6849 /* JournalListView.swift */; };
		6D59FABA101B4821A246D7A7 /* AOSLogger.swift in Sources */ = {isa = PBXBuildFile; fileRef = D7AE39E4A2194B5FAF254B37 /* AOSLogger.swift */; };
		39B3F34188B54E76832BBD6B /* APIClient.swift in Sources */ = {isa = PBXBuildFile; fileRef = A8B14E04EBC942DEA8A993AA /* APIClient.swift */; };
		8C30A27A6794411CBE6110DE /* APIEndpoint.swift in Sources */ = {isa = PBXBuildFile; fileRef = E7DF31EDA7094C3BB2DF7EDC /* APIEndpoint.swift */; };
		4D779D5E1EA84754886C0F41 /* NetworkError.swift in Sources */ = {isa = PBXBuildFile; fileRef = AB084C07AFA9418E87B6F29F /* NetworkError.swift */; };
		7DF7DB7FAD9747AEBB7CAA8D /* ProfileState.swift in Sources */ = {isa = PBXBuildFile; fileRef = 1EB75E6102EE4AB080D9A5C1 /* ProfileState.swift */; };
		3445B2188B0F449D868928EA /* ProfileError.swift in Sources */ = {isa = PBXBuildFile; fileRef = B7C8CEB7A2054D28BE701409 /* ProfileError.swift */; };
		E5CD0DD3F7AE432EA84AFFF5 /* ProfileViewModel.swift in Sources */ = {isa = PBXBuildFile; fileRef = E6E00DD12D5845FAB16F5C8C /* ProfileViewModel.swift */; };
		A1E24F5C9BC94592B89DE10D /* EditProfileView.swift in Sources */ = {isa = PBXBuildFile; fileRef = A74E21E1306A414DA0285E46 /* EditProfileView.swift */; };
		C2BEEB1E901B40279244B0C7 /* ProfileView.swift in Sources */ = {isa = PBXBuildFile; fileRef = 701F7254B826400B96FAD4A2 /* ProfileView.swift */; };
		D408D66F917D4AC2BA32A064 /* ReadingState.swift in Sources */ = {isa = PBXBuildFile; fileRef = B4E6944C2A884157A76CD372 /* ReadingState.swift */; };
		6F6E7B2ADCF14E1CA9EA8CA6 /* ReadingError.swift in Sources */ = {isa = PBXBuildFile; fileRef = B9AD20C2C19946AE9991271B /* ReadingError.swift */; };
		580AE74E2A5D474CA52173BE /* ReadingViewModel.swift in Sources */ = {isa = PBXBuildFile; fileRef = F8CCE61336A84382A7512082 /* ReadingViewModel.swift */; };
		CA85ACE37A0F426EA34AB16A /* ActiveRecallView.swift in Sources */ = {isa = PBXBuildFile; fileRef = C3E834D239A340538F349452 /* ActiveRecallView.swift */; };
		D4E2E1B3F06D4D7AADC3438F /* BookDetailView.swift in Sources */ = {isa = PBXBuildFile; fileRef = 5A217ADF6AD84EB3947E4175 /* BookDetailView.swift */; };
		CE661914423B4D7585C28D88 /* BookListView.swift in Sources */ = {isa = PBXBuildFile; fileRef = 2194D4924E4C4D8BAEB243D0 /* BookListView.swift */; };
		0FC0A747F409471A92CC69CA /* EncryptionHelper.swift in Sources */ = {isa = PBXBuildFile; fileRef = 12F96161F00A44E789625197 /* EncryptionHelper.swift */; };
		35E5D50046924B91BA16F6D0 /* KeychainManager.swift in Sources */ = {isa = PBXBuildFile; fileRef = 3176AD61188547DFB15C8A12 /* KeychainManager.swift */; };
/* End PBXBuildFile section */

/* Begin PBXFileReference section */
		5564EF4E6C66448A894C4ED1 /* AOSApp.swift */ = {isa = PBXFileReference; lastKnownFileType = sourcecode.swift; path = "AOSApp.swift"; sourceTree = "<group>"; };
		D407F66BB456476090B93794 /* SyncableEntity.swift */ = {isa = PBXFileReference; lastKnownFileType = sourcecode.swift; path = "SyncableEntity.swift"; sourceTree = "<group>"; };
		7DE80869202C471A88BDBBC4 /* AdvancedFinanceModels.swift */ = {isa = PBXFileReference; lastKnownFileType = sourcecode.swift; path = "AdvancedFinanceModels.swift"; sourceTree = "<group>"; };
		A21B65AD42AF4CA291CD629D /* Book.swift */ = {isa = PBXFileReference; lastKnownFileType = sourcecode.swift; path = "Book.swift"; sourceTree = "<group>"; };
		04929F0676E04034BEBACDCF /* BusinessBuilderModels.swift */ = {isa = PBXFileReference; lastKnownFileType = sourcecode.swift; path = "BusinessBuilderModels.swift"; sourceTree = "<group>"; };
		5B7DD7AED42B4CAF8651D692 /* CEODecision.swift */ = {isa = PBXFileReference; lastKnownFileType = sourcecode.swift; path = "CEODecision.swift"; sourceTree = "<group>"; };
		9BA984FFEA1747E9B6B6DBAA /* ChatMessage.swift */ = {isa = PBXFileReference; lastKnownFileType = sourcecode.swift; path = "ChatMessage.swift"; sourceTree = "<group>"; };
		C244C2452C7741F98E075581 /* CodingProblem.swift */ = {isa = PBXFileReference; lastKnownFileType = sourcecode.swift; path = "CodingProblem.swift"; sourceTree = "<group>"; };
		8E690BE9FEA64AADB72AD2D4 /* CompanyBuilderModels.swift */ = {isa = PBXFileReference; lastKnownFileType = sourcecode.swift; path = "CompanyBuilderModels.swift"; sourceTree = "<group>"; };
		5F0C8E9BA70341D089B4804E /* DailyMission.swift */ = {isa = PBXFileReference; lastKnownFileType = sourcecode.swift; path = "DailyMission.swift"; sourceTree = "<group>"; };
		92B33BF6A50B40ADBB88D410 /* FinancialAccount.swift */ = {isa = PBXFileReference; lastKnownFileType = sourcecode.swift; path = "FinancialAccount.swift"; sourceTree = "<group>"; };
		3665A7A640D043079DA77C51 /* Flashcard.swift */ = {isa = PBXFileReference; lastKnownFileType = sourcecode.swift; path = "Flashcard.swift"; sourceTree = "<group>"; };
		6653C1824D604F8B857E596D /* Goal.swift */ = {isa = PBXFileReference; lastKnownFileType = sourcecode.swift; path = "Goal.swift"; sourceTree = "<group>"; };
		D039A3571F2C4B15AF13BF6D /* Habit.swift */ = {isa = PBXFileReference; lastKnownFileType = sourcecode.swift; path = "Habit.swift"; sourceTree = "<group>"; };
		5224DFC9A7464BE4A1575482 /* JournalEntry.swift */ = {isa = PBXFileReference; lastKnownFileType = sourcecode.swift; path = "JournalEntry.swift"; sourceTree = "<group>"; };
		1E962F61DE0F457886A1582A /* LeanCanvas.swift */ = {isa = PBXFileReference; lastKnownFileType = sourcecode.swift; path = "LeanCanvas.swift"; sourceTree = "<group>"; };
		43C027CBAA5949B7A71136B3 /* RoadmapNode.swift */ = {isa = PBXFileReference; lastKnownFileType = sourcecode.swift; path = "RoadmapNode.swift"; sourceTree = "<group>"; };
		A6E5A14EE1A845FEBADEAFAC /* SandboxDTOs.swift */ = {isa = PBXFileReference; lastKnownFileType = sourcecode.swift; path = "SandboxDTOs.swift"; sourceTree = "<group>"; };
		849103B30DF4482FB832F14B /* Transaction.swift */ = {isa = PBXFileReference; lastKnownFileType = sourcecode.swift; path = "Transaction.swift"; sourceTree = "<group>"; };
		D778C247830849AF8B0D1214 /* TypingSession.swift */ = {isa = PBXFileReference; lastKnownFileType = sourcecode.swift; path = "TypingSession.swift"; sourceTree = "<group>"; };
		1F9908DAC86745B3B7DA0A6E /* User.swift */ = {isa = PBXFileReference; lastKnownFileType = sourcecode.swift; path = "User.swift"; sourceTree = "<group>"; };
		F9A2A08AF3074E09927054A7 /* AOSStorageManager.swift */ = {isa = PBXFileReference; lastKnownFileType = sourcecode.swift; path = "AOSStorageManager.swift"; sourceTree = "<group>"; };
		3AA621501987400EA394718F /* StorageError.swift */ = {isa = PBXFileReference; lastKnownFileType = sourcecode.swift; path = "StorageError.swift"; sourceTree = "<group>"; };
		2957FD1A07EA4C05BA0C8B9F /* AdvancedFinanceRepositoryProtocol.swift */ = {isa = PBXFileReference; lastKnownFileType = sourcecode.swift; path = "AdvancedFinanceRepositoryProtocol.swift"; sourceTree = "<group>"; };
		FBB8676140614DB5932ED3CE /* AOSAdvancedFinanceRepository.swift */ = {isa = PBXFileReference; lastKnownFileType = sourcecode.swift; path = "AOSAdvancedFinanceRepository.swift"; sourceTree = "<group>"; };
		63503F80B29D4E03A6B76044 /* AOSBusinessBuilderRepository.swift */ = {isa = PBXFileReference; lastKnownFileType = sourcecode.swift; path = "AOSBusinessBuilderRepository.swift"; sourceTree = "<group>"; };
		B5FFE6A4605E40209CF29D2D /* AOSBusinessRepository.swift */ = {isa = PBXFileReference; lastKnownFileType = sourcecode.swift; path = "AOSBusinessRepository.swift"; sourceTree = "<group>"; };
		610C43EBD25B4EA4B509364F /* AOSCEODecisionRepository.swift */ = {isa = PBXFileReference; lastKnownFileType = sourcecode.swift; path = "AOSCEODecisionRepository.swift"; sourceTree = "<group>"; };
		4AD9E301289943E484013B81 /* AOSChatMessageRepository.swift */ = {isa = PBXFileReference; lastKnownFileType = sourcecode.swift; path = "AOSChatMessageRepository.swift"; sourceTree = "<group>"; };
		456BA1DB73464E05B639F570 /* AOSCodingProblemRepository.swift */ = {isa = PBXFileReference; lastKnownFileType = sourcecode.swift; path = "AOSCodingProblemRepository.swift"; sourceTree = "<group>"; };
		35A31D3E7AAA4870BA1A1192 /* AOSCompanyBuilderRepository.swift */ = {isa = PBXFileReference; lastKnownFileType = sourcecode.swift; path = "AOSCompanyBuilderRepository.swift"; sourceTree = "<group>"; };
		134737FBA6A944DE8809A5BA /* AOSDailyMissionRepository.swift */ = {isa = PBXFileReference; lastKnownFileType = sourcecode.swift; path = "AOSDailyMissionRepository.swift"; sourceTree = "<group>"; };
		31CBCC6D12F1400DBB82D61C /* AOSFinanceRepository.swift */ = {isa = PBXFileReference; lastKnownFileType = sourcecode.swift; path = "AOSFinanceRepository.swift"; sourceTree = "<group>"; };
		E78F70AE1CB342D093DCE55E /* AOSGoalRepository.swift */ = {isa = PBXFileReference; lastKnownFileType = sourcecode.swift; path = "AOSGoalRepository.swift"; sourceTree = "<group>"; };
		A418D4AD9DF14ACE954A6707 /* AOSHabitRepository.swift */ = {isa = PBXFileReference; lastKnownFileType = sourcecode.swift; path = "AOSHabitRepository.swift"; sourceTree = "<group>"; };
		50CAEAA09F704725AC5DDB33 /* AOSJournalRepository.swift */ = {isa = PBXFileReference; lastKnownFileType = sourcecode.swift; path = "AOSJournalRepository.swift"; sourceTree = "<group>"; };
		0C2BD72A65F44EE18C871C4B /* AOSReadingRepository.swift */ = {isa = PBXFileReference; lastKnownFileType = sourcecode.swift; path = "AOSReadingRepository.swift"; sourceTree = "<group>"; };
		32E4CB23F0524DA195460335 /* AOSRoadmapRepository.swift */ = {isa = PBXFileReference; lastKnownFileType = sourcecode.swift; path = "AOSRoadmapRepository.swift"; sourceTree = "<group>"; };
		913537F293884E8B99C4AE0B /* AOSTypingRepository.swift */ = {isa = PBXFileReference; lastKnownFileType = sourcecode.swift; path = "AOSTypingRepository.swift"; sourceTree = "<group>"; };
		BBD1EF3267804517B3F701D8 /* AOSUserRepository.swift */ = {isa = PBXFileReference; lastKnownFileType = sourcecode.swift; path = "AOSUserRepository.swift"; sourceTree = "<group>"; };
		499547B9C3024E888937B3C7 /* BusinessBuilderRepositoryProtocol.swift */ = {isa = PBXFileReference; lastKnownFileType = sourcecode.swift; path = "BusinessBuilderRepositoryProtocol.swift"; sourceTree = "<group>"; };
		FEF67F7658B641F99E963C5E /* BusinessRepositoryProtocol.swift */ = {isa = PBXFileReference; lastKnownFileType = sourcecode.swift; path = "BusinessRepositoryProtocol.swift"; sourceTree = "<group>"; };
		9230D6B700DB4758851F116A /* CEODecisionRepositoryProtocol.swift */ = {isa = PBXFileReference; lastKnownFileType = sourcecode.swift; path = "CEODecisionRepositoryProtocol.swift"; sourceTree = "<group>"; };
		9A0BA0552C554454A069ED04 /* ChatMessageRepositoryProtocol.swift */ = {isa = PBXFileReference; lastKnownFileType = sourcecode.swift; path = "ChatMessageRepositoryProtocol.swift"; sourceTree = "<group>"; };
		99FD4B0BAB0B47209957CEEB /* CodingProblemRepositoryProtocol.swift */ = {isa = PBXFileReference; lastKnownFileType = sourcecode.swift; path = "CodingProblemRepositoryProtocol.swift"; sourceTree = "<group>"; };
		4FE729A620884C0C9049BAE6 /* CompanyBuilderRepositoryProtocol.swift */ = {isa = PBXFileReference; lastKnownFileType = sourcecode.swift; path = "CompanyBuilderRepositoryProtocol.swift"; sourceTree = "<group>"; };
		3A6CA85786224096939CDC1D /* DailyMissionRepositoryProtocol.swift */ = {isa = PBXFileReference; lastKnownFileType = sourcecode.swift; path = "DailyMissionRepositoryProtocol.swift"; sourceTree = "<group>"; };
		78F94BADA83342ACADE55550 /* FinanceRepositoryProtocol.swift */ = {isa = PBXFileReference; lastKnownFileType = sourcecode.swift; path = "FinanceRepositoryProtocol.swift"; sourceTree = "<group>"; };
		40FCAF8806AA4188B2A65F4F /* GoalRepositoryProtocol.swift */ = {isa = PBXFileReference; lastKnownFileType = sourcecode.swift; path = "GoalRepositoryProtocol.swift"; sourceTree = "<group>"; };
		F8B2F9028DD94825B966CAE0 /* HabitRepositoryProtocol.swift */ = {isa = PBXFileReference; lastKnownFileType = sourcecode.swift; path = "HabitRepositoryProtocol.swift"; sourceTree = "<group>"; };
		D8E8AB6E9AB9473BA8D20563 /* JournalRepositoryProtocol.swift */ = {isa = PBXFileReference; lastKnownFileType = sourcecode.swift; path = "JournalRepositoryProtocol.swift"; sourceTree = "<group>"; };
		E739FD182C7E44E789AE8677 /* ReadingRepositoryProtocol.swift */ = {isa = PBXFileReference; lastKnownFileType = sourcecode.swift; path = "ReadingRepositoryProtocol.swift"; sourceTree = "<group>"; };
		32AFABF3621849978E623B6D /* RoadmapRepositoryProtocol.swift */ = {isa = PBXFileReference; lastKnownFileType = sourcecode.swift; path = "RoadmapRepositoryProtocol.swift"; sourceTree = "<group>"; };
		9F294F5E726545E88DB853F3 /* TypingRepositoryProtocol.swift */ = {isa = PBXFileReference; lastKnownFileType = sourcecode.swift; path = "TypingRepositoryProtocol.swift"; sourceTree = "<group>"; };
		454986D0525945D09ACE98BB /* UserRepositoryProtocol.swift */ = {isa = PBXFileReference; lastKnownFileType = sourcecode.swift; path = "UserRepositoryProtocol.swift"; sourceTree = "<group>"; };
		104E91B746D74497A782D0A6 /* AIMentorServiceProtocol.swift */ = {isa = PBXFileReference; lastKnownFileType = sourcecode.swift; path = "AIMentorServiceProtocol.swift"; sourceTree = "<group>"; };
		B10926F184114114858A09D2 /* AOSAIMentorService.swift */ = {isa = PBXFileReference; lastKnownFileType = sourcecode.swift; path = "AOSAIMentorService.swift"; sourceTree = "<group>"; };
		ACE725C967864384BD92D0A7 /* AIMentorState.swift */ = {isa = PBXFileReference; lastKnownFileType = sourcecode.swift; path = "AIMentorState.swift"; sourceTree = "<group>"; };
		13C5E2291623411CA2A316D4 /* AIError.swift */ = {isa = PBXFileReference; lastKnownFileType = sourcecode.swift; path = "AIError.swift"; sourceTree = "<group>"; };
		A8BB8207D6E04F928B3E9726 /* AIMentorViewModel.swift */ = {isa = PBXFileReference; lastKnownFileType = sourcecode.swift; path = "AIMentorViewModel.swift"; sourceTree = "<group>"; };
		D32DE4328BE24E769777CFE9 /* AIMentorView.swift */ = {isa = PBXFileReference; lastKnownFileType = sourcecode.swift; path = "AIMentorView.swift"; sourceTree = "<group>"; };
		4C4F61E4AD284F49A42BF2CC /* ChatBubbleView.swift */ = {isa = PBXFileReference; lastKnownFileType = sourcecode.swift; path = "ChatBubbleView.swift"; sourceTree = "<group>"; };
		BF950DFB152E4CE8B74D6ECD /* AuthDTOs.swift */ = {isa = PBXFileReference; lastKnownFileType = sourcecode.swift; path = "AuthDTOs.swift"; sourceTree = "<group>"; };
		D97881C0943D43E8896728A5 /* UserSession.swift */ = {isa = PBXFileReference; lastKnownFileType = sourcecode.swift; path = "UserSession.swift"; sourceTree = "<group>"; };
		4C92F50FA6A342589555FDAE /* AuthCoordinator.swift */ = {isa = PBXFileReference; lastKnownFileType = sourcecode.swift; path = "AuthCoordinator.swift"; sourceTree = "<group>"; };
		702D1241765E4E3A8F42177A /* AOSAuthenticationService.swift */ = {isa = PBXFileReference; lastKnownFileType = sourcecode.swift; path = "AOSAuthenticationService.swift"; sourceTree = "<group>"; };
		F78B0AF458C1446CBD7B0C68 /* AuthenticationServiceProtocol.swift */ = {isa = PBXFileReference; lastKnownFileType = sourcecode.swift; path = "AuthenticationServiceProtocol.swift"; sourceTree = "<group>"; };
		00120AD2C62647ADB444A16D /* AuthenticationState.swift */ = {isa = PBXFileReference; lastKnownFileType = sourcecode.swift; path = "AuthenticationState.swift"; sourceTree = "<group>"; };
		CCAAD775F2E24F9F912E1CC5 /* AuthError.swift */ = {isa = PBXFileReference; lastKnownFileType = sourcecode.swift; path = "AuthError.swift"; sourceTree = "<group>"; };
		2287AF3C74054BB98D48A01F /* AuthValidator.swift */ = {isa = PBXFileReference; lastKnownFileType = sourcecode.swift; path = "AuthValidator.swift"; sourceTree = "<group>"; };
		2F18E0EA672B47D69413C7E1 /* ForgotPasswordViewModel.swift */ = {isa = PBXFileReference; lastKnownFileType = sourcecode.swift; path = "ForgotPasswordViewModel.swift"; sourceTree = "<group>"; };
		7F65F65207214BA29189AC96 /* LoginViewModel.swift */ = {isa = PBXFileReference; lastKnownFileType = sourcecode.swift; path = "LoginViewModel.swift"; sourceTree = "<group>"; };
		422F0E9FCB5D414D9B2DFB0F /* ProfileSetupViewModel.swift */ = {isa = PBXFileReference; lastKnownFileType = sourcecode.swift; path = "ProfileSetupViewModel.swift"; sourceTree = "<group>"; };
		E565A386D439459FBBF43FBF /* SignupViewModel.swift */ = {isa = PBXFileReference; lastKnownFileType = sourcecode.swift; path = "SignupViewModel.swift"; sourceTree = "<group>"; };
		F66A41A1433142D0961DA363 /* ForgotPasswordView.swift */ = {isa = PBXFileReference; lastKnownFileType = sourcecode.swift; path = "ForgotPasswordView.swift"; sourceTree = "<group>"; };
		0E01C28FDA574A29BE2B378B /* LoginView.swift */ = {isa = PBXFileReference; lastKnownFileType = sourcecode.swift; path = "LoginView.swift"; sourceTree = "<group>"; };
		27602EC04A1F494B9D346BF0 /* ProfileSetupView.swift */ = {isa = PBXFileReference; lastKnownFileType = sourcecode.swift; path = "ProfileSetupView.swift"; sourceTree = "<group>"; };
		015A549B77BF460CA54B78E7 /* SignupView.swift */ = {isa = PBXFileReference; lastKnownFileType = sourcecode.swift; path = "SignupView.swift"; sourceTree = "<group>"; };
		4931151E7B384E0B868E96AC /* BusinessBuilderState.swift */ = {isa = PBXFileReference; lastKnownFileType = sourcecode.swift; path = "BusinessBuilderState.swift"; sourceTree = "<group>"; };
		06124388F83847599A9AFDB0 /* BusinessState.swift */ = {isa = PBXFileReference; lastKnownFileType = sourcecode.swift; path = "BusinessState.swift"; sourceTree = "<group>"; };
		D6C83B0AEB1E4495AAF17B87 /* BusinessBuilderError.swift */ = {isa = PBXFileReference; lastKnownFileType = sourcecode.swift; path = "BusinessBuilderError.swift"; sourceTree = "<group>"; };
		B3882D90D16E4003B3C0B415 /* BusinessError.swift */ = {isa = PBXFileReference; lastKnownFileType = sourcecode.swift; path = "BusinessError.swift"; sourceTree = "<group>"; };
		2E99650A49034D3FB0B045F2 /* AIBusinessMentorViewModel.swift */ = {isa = PBXFileReference; lastKnownFileType = sourcecode.swift; path = "AIBusinessMentorViewModel.swift"; sourceTree = "<group>"; };
		CB91869A3F864B5BB3BC720E /* BusinessBuilderViewModel.swift */ = {isa = PBXFileReference; lastKnownFileType = sourcecode.swift; path = "BusinessBuilderViewModel.swift"; sourceTree = "<group>"; };
		6A1AD08934774C5EA9E2D60F /* BusinessViewModel.swift */ = {isa = PBXFileReference; lastKnownFileType = sourcecode.swift; path = "BusinessViewModel.swift"; sourceTree = "<group>"; };
		560D954DC5484C8AB444C3A6 /* BusinessBuilderDashboardView.swift */ = {isa = PBXFileReference; lastKnownFileType = sourcecode.swift; path = "BusinessBuilderDashboardView.swift"; sourceTree = "<group>"; };
		2C0CEAC0A2DA4B5F9CF1F187 /* EditCanvasBoxView.swift */ = {isa = PBXFileReference; lastKnownFileType = sourcecode.swift; path = "EditCanvasBoxView.swift"; sourceTree = "<group>"; };
		EE2974AA12A54A549F7A3E22 /* LeanCanvasView.swift */ = {isa = PBXFileReference; lastKnownFileType = sourcecode.swift; path = "LeanCanvasView.swift"; sourceTree = "<group>"; };
		79775061E0D74B59AAE663FD /* StartupIdeaDetailView.swift */ = {isa = PBXFileReference; lastKnownFileType = sourcecode.swift; path = "StartupIdeaDetailView.swift"; sourceTree = "<group>"; };
		8FF198BF50E44DEBB4F41A77 /* CodingState.swift */ = {isa = PBXFileReference; lastKnownFileType = sourcecode.swift; path = "CodingState.swift"; sourceTree = "<group>"; };
		CCDD33A769F34DAEBF5EF912 /* PracticeState.swift */ = {isa = PBXFileReference; lastKnownFileType = sourcecode.swift; path = "PracticeState.swift"; sourceTree = "<group>"; };
		1D3DE093F6604B45A57B955C /* TypingState.swift */ = {isa = PBXFileReference; lastKnownFileType = sourcecode.swift; path = "TypingState.swift"; sourceTree = "<group>"; };
		6E3CAE9073B34ECBAA73C0EF /* CodingError.swift */ = {isa = PBXFileReference; lastKnownFileType = sourcecode.swift; path = "CodingError.swift"; sourceTree = "<group>"; };
		8D7A2FC070634D8FB843558C /* PracticeError.swift */ = {isa = PBXFileReference; lastKnownFileType = sourcecode.swift; path = "PracticeError.swift"; sourceTree = "<group>"; };
		29B9B3674C254313B72E7B3F /* TypingError.swift */ = {isa = PBXFileReference; lastKnownFileType = sourcecode.swift; path = "TypingError.swift"; sourceTree = "<group>"; };
		F5C7E23F598A49729CAB5651 /* CodingPracticeViewModel.swift */ = {isa = PBXFileReference; lastKnownFileType = sourcecode.swift; path = "CodingPracticeViewModel.swift"; sourceTree = "<group>"; };
		4C07F45249B24C17B34EE9CC /* RoadmapViewModel.swift */ = {isa = PBXFileReference; lastKnownFileType = sourcecode.swift; path = "RoadmapViewModel.swift"; sourceTree = "<group>"; };
		D19E057BA18B4F7AA0D0A90F /* TypingTrainerViewModel.swift */ = {isa = PBXFileReference; lastKnownFileType = sourcecode.swift; path = "TypingTrainerViewModel.swift"; sourceTree = "<group>"; };
		B25BB1BB498342278B146D82 /* CodeEditorView.swift */ = {isa = PBXFileReference; lastKnownFileType = sourcecode.swift; path = "CodeEditorView.swift"; sourceTree = "<group>"; };
		FF0248F3A4814C02B59A415A /* CodingPracticeListView.swift */ = {isa = PBXFileReference; lastKnownFileType = sourcecode.swift; path = "CodingPracticeListView.swift"; sourceTree = "<group>"; };
		5890E3EA757D4DE2BBF8ECD6 /* QuizView.swift */ = {isa = PBXFileReference; lastKnownFileType = sourcecode.swift; path = "QuizView.swift"; sourceTree = "<group>"; };
		8D4CDF4E235B49FFB7053017 /* RoadmapView.swift */ = {isa = PBXFileReference; lastKnownFileType = sourcecode.swift; path = "RoadmapView.swift"; sourceTree = "<group>"; };
		C47D2FC00C30475684382BE4 /* TypingTrainerView.swift */ = {isa = PBXFileReference; lastKnownFileType = sourcecode.swift; path = "TypingTrainerView.swift"; sourceTree = "<group>"; };
		9C769209E7EE42829245D2B0 /* AOSCommonTypes.swift */ = {isa = PBXFileReference; lastKnownFileType = sourcecode.swift; path = "AOSCommonTypes.swift"; sourceTree = "<group>"; };
		155208EBDCA44337A81FAFD6 /* AOSNotificationManager.swift */ = {isa = PBXFileReference; lastKnownFileType = sourcecode.swift; path = "AOSNotificationManager.swift"; sourceTree = "<group>"; };
		6DB17123977F4B25ABE7D00F /* CompanyBuilderState.swift */ = {isa = PBXFileReference; lastKnownFileType = sourcecode.swift; path = "CompanyBuilderState.swift"; sourceTree = "<group>"; };
		63ACE42773974EACB41008EF /* CompanyBuilderError.swift */ = {isa = PBXFileReference; lastKnownFileType = sourcecode.swift; path = "CompanyBuilderError.swift"; sourceTree = "<group>"; };
		CFF0AA53E03045FD8FE3D6EA /* AICompanyAdvisorViewModel.swift */ = {isa = PBXFileReference; lastKnownFileType = sourcecode.swift; path = "AICompanyAdvisorViewModel.swift"; sourceTree = "<group>"; };
		C65B734A4CFF407E976995EC /* CompanyBuilderViewModel.swift */ = {isa = PBXFileReference; lastKnownFileType = sourcecode.swift; path = "CompanyBuilderViewModel.swift"; sourceTree = "<group>"; };
		46D86162C0F349CDA8016D4C /* CompanyBuilderDashboardView.swift */ = {isa = PBXFileReference; lastKnownFileType = sourcecode.swift; path = "CompanyBuilderDashboardView.swift"; sourceTree = "<group>"; };
		D4F5A3C7FD1948E780CBCAAD /* CompanyDetailView.swift */ = {isa = PBXFileReference; lastKnownFileType = sourcecode.swift; path = "CompanyDetailView.swift"; sourceTree = "<group>"; };
		C52782EF70004092A03F506A /* DailyMissionState.swift */ = {isa = PBXFileReference; lastKnownFileType = sourcecode.swift; path = "DailyMissionState.swift"; sourceTree = "<group>"; };
		43528C697ED248FBA23247E0 /* DailyMissionError.swift */ = {isa = PBXFileReference; lastKnownFileType = sourcecode.swift; path = "DailyMissionError.swift"; sourceTree = "<group>"; };
		B852B1EFAF7B415FA87B1752 /* DailyMissionViewModel.swift */ = {isa = PBXFileReference; lastKnownFileType = sourcecode.swift; path = "DailyMissionViewModel.swift"; sourceTree = "<group>"; };
		B05DE8B05A864F7181EA7B02 /* DailyMissionView.swift */ = {isa = PBXFileReference; lastKnownFileType = sourcecode.swift; path = "DailyMissionView.swift"; sourceTree = "<group>"; };
		26DFA31704B1421FAC008595 /* DashboardWidget.swift */ = {isa = PBXFileReference; lastKnownFileType = sourcecode.swift; path = "DashboardWidget.swift"; sourceTree = "<group>"; };
		013B755B1ACB4B1EA909D2A6 /* SensorContext.swift */ = {isa = PBXFileReference; lastKnownFileType = sourcecode.swift; path = "SensorContext.swift"; sourceTree = "<group>"; };
		75C84D961F70459081017644 /* AOSDashboardService.swift */ = {isa = PBXFileReference; lastKnownFileType = sourcecode.swift; path = "AOSDashboardService.swift"; sourceTree = "<group>"; };
		8DF5D470F7144735A69FEBB6 /* DashboardServiceProtocol.swift */ = {isa = PBXFileReference; lastKnownFileType = sourcecode.swift; path = "DashboardServiceProtocol.swift"; sourceTree = "<group>"; };
		6FB116B402644009A44694A7 /* CEODashboardState.swift */ = {isa = PBXFileReference; lastKnownFileType = sourcecode.swift; path = "CEODashboardState.swift"; sourceTree = "<group>"; };
		5054018482FE45EB885265DA /* CEODashboardError.swift */ = {isa = PBXFileReference; lastKnownFileType = sourcecode.swift; path = "CEODashboardError.swift"; sourceTree = "<group>"; };
		983DE6D4A9844D8590EA1F9B /* AICEODecisionAdvisorViewModel.swift */ = {isa = PBXFileReference; lastKnownFileType = sourcecode.swift; path = "AICEODecisionAdvisorViewModel.swift"; sourceTree = "<group>"; };
		A367637D3B81473AA79491C2 /* CEODashboardViewModel.swift */ = {isa = PBXFileReference; lastKnownFileType = sourcecode.swift; path = "CEODashboardViewModel.swift"; sourceTree = "<group>"; };
		4808996B868C47588A6FD92B /* DashboardViewModel.swift */ = {isa = PBXFileReference; lastKnownFileType = sourcecode.swift; path = "DashboardViewModel.swift"; sourceTree = "<group>"; };
		DF1DC3A78D7049CA8799156B /* CEODashboardConsoleView.swift */ = {isa = PBXFileReference; lastKnownFileType = sourcecode.swift; path = "CEODashboardConsoleView.swift"; sourceTree = "<group>"; };
		8AD45C2DA93A4A1FB4A57AD6 /* DashboardView.swift */ = {isa = PBXFileReference; lastKnownFileType = sourcecode.swift; path = "DashboardView.swift"; sourceTree = "<group>"; };
		A1C6712C506E47CD920336A0 /* MainAppContainerView.swift */ = {isa = PBXFileReference; lastKnownFileType = sourcecode.swift; path = "MainAppContainerView.swift"; sourceTree = "<group>"; };
		0852799FD64C4908B01671F8 /* CEOWorkspaceView.swift */ = {isa = PBXFileReference; lastKnownFileType = sourcecode.swift; path = "CEOWorkspaceView.swift"; sourceTree = "<group>"; };
		CBD277CD926B46F9AEA8316D /* DeveloperWorkspaceView.swift */ = {isa = PBXFileReference; lastKnownFileType = sourcecode.swift; path = "DeveloperWorkspaceView.swift"; sourceTree = "<group>"; };
		2CE4B0FF2C534EB39C6955C4 /* EmployeeWorkspaceView.swift */ = {isa = PBXFileReference; lastKnownFileType = sourcecode.swift; path = "EmployeeWorkspaceView.swift"; sourceTree = "<group>"; };
		817EF253830C496BB609D523 /* EntrepreneurWorkspaceView.swift */ = {isa = PBXFileReference; lastKnownFileType = sourcecode.swift; path = "EntrepreneurWorkspaceView.swift"; sourceTree = "<group>"; };
		C54760352415445191A8E269 /* AdvancedFinanceState.swift */ = {isa = PBXFileReference; lastKnownFileType = sourcecode.swift; path = "AdvancedFinanceState.swift"; sourceTree = "<group>"; };
		087C15926F944DA0A6752EB1 /* FinanceState.swift */ = {isa = PBXFileReference; lastKnownFileType = sourcecode.swift; path = "FinanceState.swift"; sourceTree = "<group>"; };
		44C49F75C61B43DCAEB8C479 /* AdvancedFinanceError.swift */ = {isa = PBXFileReference; lastKnownFileType = sourcecode.swift; path = "AdvancedFinanceError.swift"; sourceTree = "<group>"; };
		0A96E4AA249446B294B261EC /* FinanceError.swift */ = {isa = PBXFileReference; lastKnownFileType = sourcecode.swift; path = "FinanceError.swift"; sourceTree = "<group>"; };
		7B810BCC71DC4CD88EC88527 /* AdvancedFinanceViewModel.swift */ = {isa = PBXFileReference; lastKnownFileType = sourcecode.swift; path = "AdvancedFinanceViewModel.swift"; sourceTree = "<group>"; };
		ADA0A9656A844116AC7EA90B /* AIFinanceInsightsViewModel.swift */ = {isa = PBXFileReference; lastKnownFileType = sourcecode.swift; path = "AIFinanceInsightsViewModel.swift"; sourceTree = "<group>"; };
		4EA6F47304644A57BE7407AE /* FinanceViewModel.swift */ = {isa = PBXFileReference; lastKnownFileType = sourcecode.swift; path = "FinanceViewModel.swift"; sourceTree = "<group>"; };
		9F00096F4FAA491A9301CDF6 /* AdvancedFinanceDashboardView.swift */ = {isa = PBXFileReference; lastKnownFileType = sourcecode.swift; path = "AdvancedFinanceDashboardView.swift"; sourceTree = "<group>"; };
		762ABB0B75144E58BCA36416 /* BudgetPlannerView.swift */ = {isa = PBXFileReference; lastKnownFileType = sourcecode.swift; path = "BudgetPlannerView.swift"; sourceTree = "<group>"; };
		70F78BCAFE494855B056652C /* FinanceDashboardView.swift */ = {isa = PBXFileReference; lastKnownFileType = sourcecode.swift; path = "FinanceDashboardView.swift"; sourceTree = "<group>"; };
		B7007402A6D24532B36A2E6A /* FinancialAnalyticsReportView.swift */ = {isa = PBXFileReference; lastKnownFileType = sourcecode.swift; path = "FinancialAnalyticsReportView.swift"; sourceTree = "<group>"; };
		7F49B055041A429C9E1F8E5F /* InvestmentsPortfolioView.swift */ = {isa = PBXFileReference; lastKnownFileType = sourcecode.swift; path = "InvestmentsPortfolioView.swift"; sourceTree = "<group>"; };
		2F7F5A2D493B45A5905B0A70 /* LoanEMICalculatorView.swift */ = {isa = PBXFileReference; lastKnownFileType = sourcecode.swift; path = "LoanEMICalculatorView.swift"; sourceTree = "<group>"; };
		539E9A37418C49998A7DA662 /* SavingsGoalsListView.swift */ = {isa = PBXFileReference; lastKnownFileType = sourcecode.swift; path = "SavingsGoalsListView.swift"; sourceTree = "<group>"; };
		5CB919153A884F72BB3E05B5 /* TransactionLedgerView.swift */ = {isa = PBXFileReference; lastKnownFileType = sourcecode.swift; path = "TransactionLedgerView.swift"; sourceTree = "<group>"; };
		9A33063CDAE04386B930047F /* GoalState.swift */ = {isa = PBXFileReference; lastKnownFileType = sourcecode.swift; path = "GoalState.swift"; sourceTree = "<group>"; };
		177B5A249D3C4DA893B65854 /* GoalError.swift */ = {isa = PBXFileReference; lastKnownFileType = sourcecode.swift; path = "GoalError.swift"; sourceTree = "<group>"; };
		A91916D622404D1B80D5690A /* GoalViewModel.swift */ = {isa = PBXFileReference; lastKnownFileType = sourcecode.swift; path = "GoalViewModel.swift"; sourceTree = "<group>"; };
		07549FC46BF9483AA1E3FED6 /* AddGoalView.swift */ = {isa = PBXFileReference; lastKnownFileType = sourcecode.swift; path = "AddGoalView.swift"; sourceTree = "<group>"; };
		3C1BA85368A3449A85843714 /* GoalListView.swift */ = {isa = PBXFileReference; lastKnownFileType = sourcecode.swift; path = "GoalListView.swift"; sourceTree = "<group>"; };
		CA73DB504072449DAEAAA706 /* HabitState.swift */ = {isa = PBXFileReference; lastKnownFileType = sourcecode.swift; path = "HabitState.swift"; sourceTree = "<group>"; };
		E2EF093689D048D5BE03FD9A /* HabitError.swift */ = {isa = PBXFileReference; lastKnownFileType = sourcecode.swift; path = "HabitError.swift"; sourceTree = "<group>"; };
		D5CAB7122DB144F08303E453 /* HabitViewModel.swift */ = {isa = PBXFileReference; lastKnownFileType = sourcecode.swift; path = "HabitViewModel.swift"; sourceTree = "<group>"; };
		1DE56EF33AD2433E910F393A /* AddHabitView.swift */ = {isa = PBXFileReference; lastKnownFileType = sourcecode.swift; path = "AddHabitView.swift"; sourceTree = "<group>"; };
		96B6AD1381734D0EA3146A10 /* HabitListView.swift */ = {isa = PBXFileReference; lastKnownFileType = sourcecode.swift; path = "HabitListView.swift"; sourceTree = "<group>"; };
		F36283AFA1184080B668FA10 /* JournalState.swift */ = {isa = PBXFileReference; lastKnownFileType = sourcecode.swift; path = "JournalState.swift"; sourceTree = "<group>"; };
		5476B1AE87CD4E62921C392D /* JournalError.swift */ = {isa = PBXFileReference; lastKnownFileType = sourcecode.swift; path = "JournalError.swift"; sourceTree = "<group>"; };
		C729862D70DE4FB4877DB460 /* JournalViewModel.swift */ = {isa = PBXFileReference; lastKnownFileType = sourcecode.swift; path = "JournalViewModel.swift"; sourceTree = "<group>"; };
		2CC36FBCF0B2448385173872 /* CBTReframingView.swift */ = {isa = PBXFileReference; lastKnownFileType = sourcecode.swift; path = "CBTReframingView.swift"; sourceTree = "<group>"; };
		01C85639D40E410CAA99C763 /* JournalEditorView.swift */ = {isa = PBXFileReference; lastKnownFileType = sourcecode.swift; path = "JournalEditorView.swift"; sourceTree = "<group>"; };
		DD098DE1D0774298B4BB6849 /* JournalListView.swift */ = {isa = PBXFileReference; lastKnownFileType = sourcecode.swift; path = "JournalListView.swift"; sourceTree = "<group>"; };
		D7AE39E4A2194B5FAF254B37 /* AOSLogger.swift */ = {isa = PBXFileReference; lastKnownFileType = sourcecode.swift; path = "AOSLogger.swift"; sourceTree = "<group>"; };
		A8B14E04EBC942DEA8A993AA /* APIClient.swift */ = {isa = PBXFileReference; lastKnownFileType = sourcecode.swift; path = "APIClient.swift"; sourceTree = "<group>"; };
		E7DF31EDA7094C3BB2DF7EDC /* APIEndpoint.swift */ = {isa = PBXFileReference; lastKnownFileType = sourcecode.swift; path = "APIEndpoint.swift"; sourceTree = "<group>"; };
		AB084C07AFA9418E87B6F29F /* NetworkError.swift */ = {isa = PBXFileReference; lastKnownFileType = sourcecode.swift; path = "NetworkError.swift"; sourceTree = "<group>"; };
		1EB75E6102EE4AB080D9A5C1 /* ProfileState.swift */ = {isa = PBXFileReference; lastKnownFileType = sourcecode.swift; path = "ProfileState.swift"; sourceTree = "<group>"; };
		B7C8CEB7A2054D28BE701409 /* ProfileError.swift */ = {isa = PBXFileReference; lastKnownFileType = sourcecode.swift; path = "ProfileError.swift"; sourceTree = "<group>"; };
		E6E00DD12D5845FAB16F5C8C /* ProfileViewModel.swift */ = {isa = PBXFileReference; lastKnownFileType = sourcecode.swift; path = "ProfileViewModel.swift"; sourceTree = "<group>"; };
		A74E21E1306A414DA0285E46 /* EditProfileView.swift */ = {isa = PBXFileReference; lastKnownFileType = sourcecode.swift; path = "EditProfileView.swift"; sourceTree = "<group>"; };
		701F7254B826400B96FAD4A2 /* ProfileView.swift */ = {isa = PBXFileReference; lastKnownFileType = sourcecode.swift; path = "ProfileView.swift"; sourceTree = "<group>"; };
		B4E6944C2A884157A76CD372 /* ReadingState.swift */ = {isa = PBXFileReference; lastKnownFileType = sourcecode.swift; path = "ReadingState.swift"; sourceTree = "<group>"; };
		B9AD20C2C19946AE9991271B /* ReadingError.swift */ = {isa = PBXFileReference; lastKnownFileType = sourcecode.swift; path = "ReadingError.swift"; sourceTree = "<group>"; };
		F8CCE61336A84382A7512082 /* ReadingViewModel.swift */ = {isa = PBXFileReference; lastKnownFileType = sourcecode.swift; path = "ReadingViewModel.swift"; sourceTree = "<group>"; };
		C3E834D239A340538F349452 /* ActiveRecallView.swift */ = {isa = PBXFileReference; lastKnownFileType = sourcecode.swift; path = "ActiveRecallView.swift"; sourceTree = "<group>"; };
		5A217ADF6AD84EB3947E4175 /* BookDetailView.swift */ = {isa = PBXFileReference; lastKnownFileType = sourcecode.swift; path = "BookDetailView.swift"; sourceTree = "<group>"; };
		2194D4924E4C4D8BAEB243D0 /* BookListView.swift */ = {isa = PBXFileReference; lastKnownFileType = sourcecode.swift; path = "BookListView.swift"; sourceTree = "<group>"; };
		12F96161F00A44E789625197 /* EncryptionHelper.swift */ = {isa = PBXFileReference; lastKnownFileType = sourcecode.swift; path = "EncryptionHelper.swift"; sourceTree = "<group>"; };
		3176AD61188547DFB15C8A12 /* KeychainManager.swift */ = {isa = PBXFileReference; lastKnownFileType = sourcecode.swift; path = "KeychainManager.swift"; sourceTree = "<group>"; };
		636DF840AC7F4B579A078967 /* Info.plist */ = {isa = PBXFileReference; lastKnownFileType = text.plist.xml; path = "App/Info.plist"; sourceTree = "<group>"; };
/* End PBXFileReference section */

/* Begin PBXFrameworksBuildPhase section */
		6338F96340844A22A983D3F7 /* Frameworks */ = {
			isa = PBXFrameworksBuildPhase;
			buildActionMask = 2147483647;
			files = (
			);
			runOnlyForDeploymentPostprocessing = 0;
		};
/* End PBXFrameworksBuildPhase section */

/* Begin PBXGroup section */
		5E1FFFF8B03946E7ADC298E5 /* App */ = {
			isa = PBXGroup;
			children = (
				5564EF4E6C66448A894C4ED1 /* AOSApp.swift */,
			);
			name = App;
			path = App;
			sourceTree = "<group>";
		};
		E6E9F8ED4F914668A7F55447 /* Core */ = {
			isa = PBXGroup;
			children = (
				D407F66BB456476090B93794 /* SyncableEntity.swift */,
			);
			name = Core;
			path = Core;
			sourceTree = "<group>";
		};
		A96FACC0EB73428FBB0B972C /* Models */ = {
			isa = PBXGroup;
			children = (
				7DE80869202C471A88BDBBC4 /* AdvancedFinanceModels.swift */,
				A21B65AD42AF4CA291CD629D /* Book.swift */,
				04929F0676E04034BEBACDCF /* BusinessBuilderModels.swift */,
				5B7DD7AED42B4CAF8651D692 /* CEODecision.swift */,
				9BA984FFEA1747E9B6B6DBAA /* ChatMessage.swift */,
				C244C2452C7741F98E075581 /* CodingProblem.swift */,
				8E690BE9FEA64AADB72AD2D4 /* CompanyBuilderModels.swift */,
				5F0C8E9BA70341D089B4804E /* DailyMission.swift */,
				92B33BF6A50B40ADBB88D410 /* FinancialAccount.swift */,
				3665A7A640D043079DA77C51 /* Flashcard.swift */,
				6653C1824D604F8B857E596D /* Goal.swift */,
				D039A3571F2C4B15AF13BF6D /* Habit.swift */,
				5224DFC9A7464BE4A1575482 /* JournalEntry.swift */,
				1E962F61DE0F457886A1582A /* LeanCanvas.swift */,
				43C027CBAA5949B7A71136B3 /* RoadmapNode.swift */,
				A6E5A14EE1A845FEBADEAFAC /* SandboxDTOs.swift */,
				849103B30DF4482FB832F14B /* Transaction.swift */,
				D778C247830849AF8B0D1214 /* TypingSession.swift */,
				1F9908DAC86745B3B7DA0A6E /* User.swift */,
			);
			name = Models;
			path = Models;
			sourceTree = "<group>";
		};
		AB84E36B7CC54A2C91EEB009 /* Storage */ = {
			isa = PBXGroup;
			children = (
				F9A2A08AF3074E09927054A7 /* AOSStorageManager.swift */,
				3AA621501987400EA394718F /* StorageError.swift */,
			);
			name = Storage;
			path = Storage;
			sourceTree = "<group>";
		};
		7A024AE56C904F24BD6C0974 /* Repositories */ = {
			isa = PBXGroup;
			children = (
				2957FD1A07EA4C05BA0C8B9F /* AdvancedFinanceRepositoryProtocol.swift */,
				FBB8676140614DB5932ED3CE /* AOSAdvancedFinanceRepository.swift */,
				63503F80B29D4E03A6B76044 /* AOSBusinessBuilderRepository.swift */,
				B5FFE6A4605E40209CF29D2D /* AOSBusinessRepository.swift */,
				610C43EBD25B4EA4B509364F /* AOSCEODecisionRepository.swift */,
				4AD9E301289943E484013B81 /* AOSChatMessageRepository.swift */,
				456BA1DB73464E05B639F570 /* AOSCodingProblemRepository.swift */,
				35A31D3E7AAA4870BA1A1192 /* AOSCompanyBuilderRepository.swift */,
				134737FBA6A944DE8809A5BA /* AOSDailyMissionRepository.swift */,
				31CBCC6D12F1400DBB82D61C /* AOSFinanceRepository.swift */,
				E78F70AE1CB342D093DCE55E /* AOSGoalRepository.swift */,
				A418D4AD9DF14ACE954A6707 /* AOSHabitRepository.swift */,
				50CAEAA09F704725AC5DDB33 /* AOSJournalRepository.swift */,
				0C2BD72A65F44EE18C871C4B /* AOSReadingRepository.swift */,
				32E4CB23F0524DA195460335 /* AOSRoadmapRepository.swift */,
				913537F293884E8B99C4AE0B /* AOSTypingRepository.swift */,
				BBD1EF3267804517B3F701D8 /* AOSUserRepository.swift */,
				499547B9C3024E888937B3C7 /* BusinessBuilderRepositoryProtocol.swift */,
				FEF67F7658B641F99E963C5E /* BusinessRepositoryProtocol.swift */,
				9230D6B700DB4758851F116A /* CEODecisionRepositoryProtocol.swift */,
				9A0BA0552C554454A069ED04 /* ChatMessageRepositoryProtocol.swift */,
				99FD4B0BAB0B47209957CEEB /* CodingProblemRepositoryProtocol.swift */,
				4FE729A620884C0C9049BAE6 /* CompanyBuilderRepositoryProtocol.swift */,
				3A6CA85786224096939CDC1D /* DailyMissionRepositoryProtocol.swift */,
				78F94BADA83342ACADE55550 /* FinanceRepositoryProtocol.swift */,
				40FCAF8806AA4188B2A65F4F /* GoalRepositoryProtocol.swift */,
				F8B2F9028DD94825B966CAE0 /* HabitRepositoryProtocol.swift */,
				D8E8AB6E9AB9473BA8D20563 /* JournalRepositoryProtocol.swift */,
				E739FD182C7E44E789AE8677 /* ReadingRepositoryProtocol.swift */,
				32AFABF3621849978E623B6D /* RoadmapRepositoryProtocol.swift */,
				9F294F5E726545E88DB853F3 /* TypingRepositoryProtocol.swift */,
				454986D0525945D09ACE98BB /* UserRepositoryProtocol.swift */,
			);
			name = Repositories;
			path = Repositories;
			sourceTree = "<group>";
		};
		BF21F085DE274536800A45DD /* AI */ = {
			isa = PBXGroup;
			children = (
				104E91B746D74497A782D0A6 /* AIMentorServiceProtocol.swift */,
				B10926F184114114858A09D2 /* AOSAIMentorService.swift */,
				ACE725C967864384BD92D0A7 /* AIMentorState.swift */,
				13C5E2291623411CA2A316D4 /* AIError.swift */,
				A8BB8207D6E04F928B3E9726 /* AIMentorViewModel.swift */,
				D32DE4328BE24E769777CFE9 /* AIMentorView.swift */,
				4C4F61E4AD284F49A42BF2CC /* ChatBubbleView.swift */,
			);
			name = AI;
			path = AI;
			sourceTree = "<group>";
		};
		531DB6545DDA4BADA896A6BA /* Authentication */ = {
			isa = PBXGroup;
			children = (
				BF950DFB152E4CE8B74D6ECD /* AuthDTOs.swift */,
				D97881C0943D43E8896728A5 /* UserSession.swift */,
				4C92F50FA6A342589555FDAE /* AuthCoordinator.swift */,
				702D1241765E4E3A8F42177A /* AOSAuthenticationService.swift */,
				F78B0AF458C1446CBD7B0C68 /* AuthenticationServiceProtocol.swift */,
				00120AD2C62647ADB444A16D /* AuthenticationState.swift */,
				CCAAD775F2E24F9F912E1CC5 /* AuthError.swift */,
				2287AF3C74054BB98D48A01F /* AuthValidator.swift */,
				2F18E0EA672B47D69413C7E1 /* ForgotPasswordViewModel.swift */,
				7F65F65207214BA29189AC96 /* LoginViewModel.swift */,
				422F0E9FCB5D414D9B2DFB0F /* ProfileSetupViewModel.swift */,
				E565A386D439459FBBF43FBF /* SignupViewModel.swift */,
				F66A41A1433142D0961DA363 /* ForgotPasswordView.swift */,
				0E01C28FDA574A29BE2B378B /* LoginView.swift */,
				27602EC04A1F494B9D346BF0 /* ProfileSetupView.swift */,
				015A549B77BF460CA54B78E7 /* SignupView.swift */,
			);
			name = Authentication;
			path = Authentication;
			sourceTree = "<group>";
		};
		337CDE76B1E34F2FB4120A6B /* Business */ = {
			isa = PBXGroup;
			children = (
				4931151E7B384E0B868E96AC /* BusinessBuilderState.swift */,
				06124388F83847599A9AFDB0 /* BusinessState.swift */,
				D6C83B0AEB1E4495AAF17B87 /* BusinessBuilderError.swift */,
				B3882D90D16E4003B3C0B415 /* BusinessError.swift */,
				2E99650A49034D3FB0B045F2 /* AIBusinessMentorViewModel.swift */,
				CB91869A3F864B5BB3BC720E /* BusinessBuilderViewModel.swift */,
				6A1AD08934774C5EA9E2D60F /* BusinessViewModel.swift */,
				560D954DC5484C8AB444C3A6 /* BusinessBuilderDashboardView.swift */,
				2C0CEAC0A2DA4B5F9CF1F187 /* EditCanvasBoxView.swift */,
				EE2974AA12A54A549F7A3E22 /* LeanCanvasView.swift */,
				79775061E0D74B59AAE663FD /* StartupIdeaDetailView.swift */,
			);
			name = Business;
			path = Business;
			sourceTree = "<group>";
		};
		3A567B7967D046A28581365E /* Coding */ = {
			isa = PBXGroup;
			children = (
				8FF198BF50E44DEBB4F41A77 /* CodingState.swift */,
				CCDD33A769F34DAEBF5EF912 /* PracticeState.swift */,
				1D3DE093F6604B45A57B955C /* TypingState.swift */,
				6E3CAE9073B34ECBAA73C0EF /* CodingError.swift */,
				8D7A2FC070634D8FB843558C /* PracticeError.swift */,
				29B9B3674C254313B72E7B3F /* TypingError.swift */,
				F5C7E23F598A49729CAB5651 /* CodingPracticeViewModel.swift */,
				4C07F45249B24C17B34EE9CC /* RoadmapViewModel.swift */,
				D19E057BA18B4F7AA0D0A90F /* TypingTrainerViewModel.swift */,
				B25BB1BB498342278B146D82 /* CodeEditorView.swift */,
				FF0248F3A4814C02B59A415A /* CodingPracticeListView.swift */,
				5890E3EA757D4DE2BBF8ECD6 /* QuizView.swift */,
				8D4CDF4E235B49FFB7053017 /* RoadmapView.swift */,
				C47D2FC00C30475684382BE4 /* TypingTrainerView.swift */,
			);
			name = Coding;
			path = Coding;
			sourceTree = "<group>";
		};
		0F1E397D70BD4FBBA63C96D9 /* Common */ = {
			isa = PBXGroup;
			children = (
				9C769209E7EE42829245D2B0 /* AOSCommonTypes.swift */,
				155208EBDCA44337A81FAFD6 /* AOSNotificationManager.swift */,
			);
			name = Common;
			path = Common;
			sourceTree = "<group>";
		};
		EDA83887CEDA4BF397670B27 /* Company */ = {
			isa = PBXGroup;
			children = (
				6DB17123977F4B25ABE7D00F /* CompanyBuilderState.swift */,
				63ACE42773974EACB41008EF /* CompanyBuilderError.swift */,
				CFF0AA53E03045FD8FE3D6EA /* AICompanyAdvisorViewModel.swift */,
				C65B734A4CFF407E976995EC /* CompanyBuilderViewModel.swift */,
				46D86162C0F349CDA8016D4C /* CompanyBuilderDashboardView.swift */,
				D4F5A3C7FD1948E780CBCAAD /* CompanyDetailView.swift */,
			);
			name = Company;
			path = Company;
			sourceTree = "<group>";
		};
		98A46081402B43238BB2D8FA /* DailyMission */ = {
			isa = PBXGroup;
			children = (
				C52782EF70004092A03F506A /* DailyMissionState.swift */,
				43528C697ED248FBA23247E0 /* DailyMissionError.swift */,
				B852B1EFAF7B415FA87B1752 /* DailyMissionViewModel.swift */,
				B05DE8B05A864F7181EA7B02 /* DailyMissionView.swift */,
			);
			name = DailyMission;
			path = DailyMission;
			sourceTree = "<group>";
		};
		5A32EA7DE5FD482BAB92ECB7 /* Dashboard */ = {
			isa = PBXGroup;
			children = (
				26DFA31704B1421FAC008595 /* DashboardWidget.swift */,
				013B755B1ACB4B1EA909D2A6 /* SensorContext.swift */,
				75C84D961F70459081017644 /* AOSDashboardService.swift */,
				8DF5D470F7144735A69FEBB6 /* DashboardServiceProtocol.swift */,
				6FB116B402644009A44694A7 /* CEODashboardState.swift */,
				5054018482FE45EB885265DA /* CEODashboardError.swift */,
				983DE6D4A9844D8590EA1F9B /* AICEODecisionAdvisorViewModel.swift */,
				A367637D3B81473AA79491C2 /* CEODashboardViewModel.swift */,
				4808996B868C47588A6FD92B /* DashboardViewModel.swift */,
				DF1DC3A78D7049CA8799156B /* CEODashboardConsoleView.swift */,
				8AD45C2DA93A4A1FB4A57AD6 /* DashboardView.swift */,
				A1C6712C506E47CD920336A0 /* MainAppContainerView.swift */,
				0852799FD64C4908B01671F8 /* CEOWorkspaceView.swift */,
				CBD277CD926B46F9AEA8316D /* DeveloperWorkspaceView.swift */,
				2CE4B0FF2C534EB39C6955C4 /* EmployeeWorkspaceView.swift */,
				817EF253830C496BB609D523 /* EntrepreneurWorkspaceView.swift */,
			);
			name = Dashboard;
			path = Dashboard;
			sourceTree = "<group>";
		};
		2F26F7CC1EA34133AC0FB16D /* Finance */ = {
			isa = PBXGroup;
			children = (
				C54760352415445191A8E269 /* AdvancedFinanceState.swift */,
				087C15926F944DA0A6752EB1 /* FinanceState.swift */,
				44C49F75C61B43DCAEB8C479 /* AdvancedFinanceError.swift */,
				0A96E4AA249446B294B261EC /* FinanceError.swift */,
				7B810BCC71DC4CD88EC88527 /* AdvancedFinanceViewModel.swift */,
				ADA0A9656A844116AC7EA90B /* AIFinanceInsightsViewModel.swift */,
				4EA6F47304644A57BE7407AE /* FinanceViewModel.swift */,
				9F00096F4FAA491A9301CDF6 /* AdvancedFinanceDashboardView.swift */,
				762ABB0B75144E58BCA36416 /* BudgetPlannerView.swift */,
				70F78BCAFE494855B056652C /* FinanceDashboardView.swift */,
				B7007402A6D24532B36A2E6A /* FinancialAnalyticsReportView.swift */,
				7F49B055041A429C9E1F8E5F /* InvestmentsPortfolioView.swift */,
				2F7F5A2D493B45A5905B0A70 /* LoanEMICalculatorView.swift */,
				539E9A37418C49998A7DA662 /* SavingsGoalsListView.swift */,
				5CB919153A884F72BB3E05B5 /* TransactionLedgerView.swift */,
			);
			name = Finance;
			path = Finance;
			sourceTree = "<group>";
		};
		8BF3E486E7DA44C5BE0B365A /* Goals */ = {
			isa = PBXGroup;
			children = (
				9A33063CDAE04386B930047F /* GoalState.swift */,
				177B5A249D3C4DA893B65854 /* GoalError.swift */,
				A91916D622404D1B80D5690A /* GoalViewModel.swift */,
				07549FC46BF9483AA1E3FED6 /* AddGoalView.swift */,
				3C1BA85368A3449A85843714 /* GoalListView.swift */,
			);
			name = Goals;
			path = Goals;
			sourceTree = "<group>";
		};
		73D56E3839EC48F59B7F33FE /* Habits */ = {
			isa = PBXGroup;
			children = (
				CA73DB504072449DAEAAA706 /* HabitState.swift */,
				E2EF093689D048D5BE03FD9A /* HabitError.swift */,
				D5CAB7122DB144F08303E453 /* HabitViewModel.swift */,
				1DE56EF33AD2433E910F393A /* AddHabitView.swift */,
				96B6AD1381734D0EA3146A10 /* HabitListView.swift */,
			);
			name = Habits;
			path = Habits;
			sourceTree = "<group>";
		};
		D95635DF5F444FF2857B303A /* Journal */ = {
			isa = PBXGroup;
			children = (
				F36283AFA1184080B668FA10 /* JournalState.swift */,
				5476B1AE87CD4E62921C392D /* JournalError.swift */,
				C729862D70DE4FB4877DB460 /* JournalViewModel.swift */,
				2CC36FBCF0B2448385173872 /* CBTReframingView.swift */,
				01C85639D40E410CAA99C763 /* JournalEditorView.swift */,
				DD098DE1D0774298B4BB6849 /* JournalListView.swift */,
			);
			name = Journal;
			path = Journal;
			sourceTree = "<group>";
		};
		A9229694518046FF82EC1A78 /* Logging */ = {
			isa = PBXGroup;
			children = (
				D7AE39E4A2194B5FAF254B37 /* AOSLogger.swift */,
			);
			name = Logging;
			path = Logging;
			sourceTree = "<group>";
		};
		1881253489274DB49D5CC250 /* Networking */ = {
			isa = PBXGroup;
			children = (
				A8B14E04EBC942DEA8A993AA /* APIClient.swift */,
				E7DF31EDA7094C3BB2DF7EDC /* APIEndpoint.swift */,
				AB084C07AFA9418E87B6F29F /* NetworkError.swift */,
			);
			name = Networking;
			path = Networking;
			sourceTree = "<group>";
		};
		03E868F0BC1D44DC8DD5EB5D /* Profile */ = {
			isa = PBXGroup;
			children = (
				1EB75E6102EE4AB080D9A5C1 /* ProfileState.swift */,
				B7C8CEB7A2054D28BE701409 /* ProfileError.swift */,
				E6E00DD12D5845FAB16F5C8C /* ProfileViewModel.swift */,
				A74E21E1306A414DA0285E46 /* EditProfileView.swift */,
				701F7254B826400B96FAD4A2 /* ProfileView.swift */,
			);
			name = Profile;
			path = Profile;
			sourceTree = "<group>";
		};
		BAC1A2B2C3C94C5C94F5EC4E /* Reading */ = {
			isa = PBXGroup;
			children = (
				B4E6944C2A884157A76CD372 /* ReadingState.swift */,
				B9AD20C2C19946AE9991271B /* ReadingError.swift */,
				F8CCE61336A84382A7512082 /* ReadingViewModel.swift */,
				C3E834D239A340538F349452 /* ActiveRecallView.swift */,
				5A217ADF6AD84EB3947E4175 /* BookDetailView.swift */,
				2194D4924E4C4D8BAEB243D0 /* BookListView.swift */,
			);
			name = Reading;
			path = Reading;
			sourceTree = "<group>";
		};
		237FF8B68D6849BEB10D93A8 /* Security */ = {
			isa = PBXGroup;
			children = (
				12F96161F00A44E789625197 /* EncryptionHelper.swift */,
				3176AD61188547DFB15C8A12 /* KeychainManager.swift */,
			);
			name = Security;
			path = Security;
			sourceTree = "<group>";
		};
		86B4F4427E08408CB46AA8F2 = {
			isa = PBXGroup;
			children = (
				5E1FFFF8B03946E7ADC298E5 /* App */,
				E6E9F8ED4F914668A7F55447 /* Core */,
				A96FACC0EB73428FBB0B972C /* Models */,
				AB84E36B7CC54A2C91EEB009 /* Storage */,
				7A024AE56C904F24BD6C0974 /* Repositories */,
				BF21F085DE274536800A45DD /* AI */,
				531DB6545DDA4BADA896A6BA /* Authentication */,
				337CDE76B1E34F2FB4120A6B /* Business */,
				3A567B7967D046A28581365E /* Coding */,
				0F1E397D70BD4FBBA63C96D9 /* Common */,
				EDA83887CEDA4BF397670B27 /* Company */,
				98A46081402B43238BB2D8FA /* DailyMission */,
				5A32EA7DE5FD482BAB92ECB7 /* Dashboard */,
				2F26F7CC1EA34133AC0FB16D /* Finance */,
				8BF3E486E7DA44C5BE0B365A /* Goals */,
				73D56E3839EC48F59B7F33FE /* Habits */,
				D95635DF5F444FF2857B303A /* Journal */,
				A9229694518046FF82EC1A78 /* Logging */,
				1881253489274DB49D5CC250 /* Networking */,
				03E868F0BC1D44DC8DD5EB5D /* Profile */,
				BAC1A2B2C3C94C5C94F5EC4E /* Reading */,
				237FF8B68D6849BEB10D93A8 /* Security */,
				636DF840AC7F4B579A078967 /* Info.plist */,
			);
			sourceTree = "<group>";
		};
/* End PBXGroup section */

/* Begin PBXNativeTarget section */
		BC6D99971C7E472693A1D996 /* ATHARVA_OS */ = {
			isa = PBXNativeTarget;
			buildConfigurationList = 68E43A6FB6AC4F21BC469921 /* Build configuration list for PBXNativeTarget "ATHARVA_OS" */;
			buildPhases = (
				DC707D4754A84011B838FFA6 /* Sources */,
				6338F96340844A22A983D3F7 /* Frameworks */,
			);
			buildRules = (
			);
			dependencies = (
			);
			name = ATHARVA_OS;
			productName = ATHARVA_OS;
			productReference = 5D7ADD1A458048E3B48F1015 /* ATHARVA_OS.app */;
			productType = "com.apple.product-type.application";
		};
/* End PBXNativeTarget section */

/* Begin PBXProject section */
		83F5CD8067A34F7FBB7E8C0A /* Project Object */ = {
			isa = PBXProject;
			attributes = {
				BuildIndependentTargetsInParallel = 1;
				LastSwiftUpdateCheck = 1540;
				LastUpgradeCheck = 1540;
				TargetAttributes = {
					BC6D99971C7E472693A1D996 = {
						CreatedOnToolsVersion = 15.4;
					};
				};
			};
			buildConfigurationList = F50E2C2989054F788A9C4385 /* Build configuration list for PBXProject "ATHARVA_OS" */;
			compatibilityVersion = "Xcode 14.0";
			developmentRegion = en;
			hasScannedForEncodings = 0;
			knownRegions = (
				en,
				Base,
			);
			mainGroup = 86B4F4427E08408CB46AA8F2;
			productRefGroup = 86B4F4427E08408CB46AA8F2;
			projectDirPath = "";
			projectRoot = "";
			targets = (
				BC6D99971C7E472693A1D996 /* ATHARVA_OS */,
			);
		};
/* End PBXProject section */

/* Begin PBXSourcesBuildPhase section */
		DC707D4754A84011B838FFA6 /* Sources */ = {
			isa = PBXSourcesBuildPhase;
			buildActionMask = 2147483647;
			files = (
				CAD37C27917B43F3B76960A6 /* AOSApp.swift in Sources */,
				BA8837E3A82B450F972859B1 /* SyncableEntity.swift in Sources */,
				658515A6E994484FB6AE3CC9 /* AdvancedFinanceModels.swift in Sources */,
				09FEA54E3E0249E393F04E0A /* Book.swift in Sources */,
				D8EF08A6030E415E93E7768E /* BusinessBuilderModels.swift in Sources */,
				F0A1F5A5CF874D7E955B1E2D /* CEODecision.swift in Sources */,
				BBD193485C034E80B83215BA /* ChatMessage.swift in Sources */,
				9E658DBDF6454CD8ADD78DA5 /* CodingProblem.swift in Sources */,
				6DD2F3E452AD4C1C99EFEFA9 /* CompanyBuilderModels.swift in Sources */,
				D798CE5A094E4841A5E1E5E3 /* DailyMission.swift in Sources */,
				5EE69DDFE3314A9F92425B18 /* FinancialAccount.swift in Sources */,
				9E1EA89A584949EB854ECEAC /* Flashcard.swift in Sources */,
				5BCCD6D92A16468ABD71FB2C /* Goal.swift in Sources */,
				860D3B334BAB45B9A0CB4C41 /* Habit.swift in Sources */,
				AC7DCD71BC284B6F9BBE7EFF /* JournalEntry.swift in Sources */,
				DEB615FD69B84F5CA1FD42CC /* LeanCanvas.swift in Sources */,
				89CBD13DAA9745CBAF1C90E9 /* RoadmapNode.swift in Sources */,
				7C73BB2E4D59414A8F658B9F /* SandboxDTOs.swift in Sources */,
				0046910B4192465D93DFEE15 /* Transaction.swift in Sources */,
				B1D974A277A045AE9287D966 /* TypingSession.swift in Sources */,
				49264D08CFA84921B4FB0214 /* User.swift in Sources */,
				6BE70A34B807437AA372C85D /* AOSStorageManager.swift in Sources */,
				73741A1216B944C19B00564F /* StorageError.swift in Sources */,
				005C726682F3427BA26D3325 /* AdvancedFinanceRepositoryProtocol.swift in Sources */,
				224BDF9B1F9D4C9FBC3F8A72 /* AOSAdvancedFinanceRepository.swift in Sources */,
				1AF1858831464D4399D95642 /* AOSBusinessBuilderRepository.swift in Sources */,
				8030EF7335D44255BB85E466 /* AOSBusinessRepository.swift in Sources */,
				05B7749692B64FC8BEA151FF /* AOSCEODecisionRepository.swift in Sources */,
				B99CCCABB5FD44B59FF70AF8 /* AOSChatMessageRepository.swift in Sources */,
				A7A7F8126B4D4E998C18F34F /* AOSCodingProblemRepository.swift in Sources */,
				EE4614D6F4ED42C9B9D6F29E /* AOSCompanyBuilderRepository.swift in Sources */,
				16C37855615D4B779E6E5112 /* AOSDailyMissionRepository.swift in Sources */,
				7AAF6077EB584A27B2841F01 /* AOSFinanceRepository.swift in Sources */,
				1F61AB8BDC3A440E9967D8D5 /* AOSGoalRepository.swift in Sources */,
				82A8B8B439E14163A6508A8F /* AOSHabitRepository.swift in Sources */,
				C36E5BFB2D3746BD88CCAF1D /* AOSJournalRepository.swift in Sources */,
				811002E1B2E843C0A087DEA0 /* AOSReadingRepository.swift in Sources */,
				ABDCA4CD82BF42EFAEAB9CA6 /* AOSRoadmapRepository.swift in Sources */,
				3617F41C27BB48A6883D8A12 /* AOSTypingRepository.swift in Sources */,
				10AE93E9C67F49C891CEB371 /* AOSUserRepository.swift in Sources */,
				C44503AC93BF4778A8E463DD /* BusinessBuilderRepositoryProtocol.swift in Sources */,
				EBCC41E263D44D9F9F341B28 /* BusinessRepositoryProtocol.swift in Sources */,
				98080440635E480CA4A9BA84 /* CEODecisionRepositoryProtocol.swift in Sources */,
				89AE131C713646E88208FBF6 /* ChatMessageRepositoryProtocol.swift in Sources */,
				7C0AEAF0EE61407F8DB862B4 /* CodingProblemRepositoryProtocol.swift in Sources */,
				94047A36737543DEAB9AC142 /* CompanyBuilderRepositoryProtocol.swift in Sources */,
				89C484A6CBFA4B21B9790813 /* DailyMissionRepositoryProtocol.swift in Sources */,
				1A37A0C8070842F08C4A361E /* FinanceRepositoryProtocol.swift in Sources */,
				EF5C8007BA6F466C93607B1D /* GoalRepositoryProtocol.swift in Sources */,
				6C01B6B0775D4743A688EF2C /* HabitRepositoryProtocol.swift in Sources */,
				A3D81102A09F4F6BB7A0DE99 /* JournalRepositoryProtocol.swift in Sources */,
				DF79E47FD5CE4254B578F720 /* ReadingRepositoryProtocol.swift in Sources */,
				09357163F7FF42DCBCD66479 /* RoadmapRepositoryProtocol.swift in Sources */,
				EBFCE564876B472AB70023FB /* TypingRepositoryProtocol.swift in Sources */,
				2AB1AB42095D4542B91C03D9 /* UserRepositoryProtocol.swift in Sources */,
				37810BDDC7554997ACD2F3EC /* AIMentorServiceProtocol.swift in Sources */,
				323F5F65F73348AC98AEA8FF /* AOSAIMentorService.swift in Sources */,
				B664D202037F4F41842C8150 /* AIMentorState.swift in Sources */,
				66524B93C3294F13A85D36DD /* AIError.swift in Sources */,
				59EB91DD38F641CC8BA85430 /* AIMentorViewModel.swift in Sources */,
				4FF83BE0F6BC4FAF852FA02A /* AIMentorView.swift in Sources */,
				9DC19D53F05D4D5BB8F1BDDA /* ChatBubbleView.swift in Sources */,
				9952F183B65040F18F393058 /* AuthDTOs.swift in Sources */,
				5A08A729F0DA4EB4B863FF60 /* UserSession.swift in Sources */,
				FB06BE4684B34A6E9C4364DD /* AuthCoordinator.swift in Sources */,
				5B54EF8EAB5F446BBB66D424 /* AOSAuthenticationService.swift in Sources */,
				9ACD87F686DF4DEFB84D404B /* AuthenticationServiceProtocol.swift in Sources */,
				F71C5529216344F3BE41E96F /* AuthenticationState.swift in Sources */,
				07523D1CD0B549BF81410544 /* AuthError.swift in Sources */,
				E13E9EB3D5F143498090320B /* AuthValidator.swift in Sources */,
				E1F3514F7C014033A5997CB6 /* ForgotPasswordViewModel.swift in Sources */,
				5FDAD9F0536946D29859B516 /* LoginViewModel.swift in Sources */,
				273F268FA11F4FD592E5184C /* ProfileSetupViewModel.swift in Sources */,
				CA097785BB46474795F847BD /* SignupViewModel.swift in Sources */,
				D55A6BBB43A2432E806B12DB /* ForgotPasswordView.swift in Sources */,
				4E1AC175BE814D2FB80C8D7A /* LoginView.swift in Sources */,
				C11A23A1C9EE430D9C4A61BD /* ProfileSetupView.swift in Sources */,
				EC3AFFEB45864D7EB709CFB0 /* SignupView.swift in Sources */,
				CF2BF3DC813842B2B447D070 /* BusinessBuilderState.swift in Sources */,
				A62A4A068DB84197A0BB9666 /* BusinessState.swift in Sources */,
				137B43A0ECC349F79D95B6F0 /* BusinessBuilderError.swift in Sources */,
				4DFD208DEF274D91955C6419 /* BusinessError.swift in Sources */,
				5AC7557345AE44E083A79F88 /* AIBusinessMentorViewModel.swift in Sources */,
				2379A2FCAA6C464A8A51A238 /* BusinessBuilderViewModel.swift in Sources */,
				5DAD87A528034B2A88E7C839 /* BusinessViewModel.swift in Sources */,
				5CD5DF13CBE04BFFAF0A8678 /* BusinessBuilderDashboardView.swift in Sources */,
				151A63703C5A48C0B3661DD2 /* EditCanvasBoxView.swift in Sources */,
				F530793C059F43FD9932A008 /* LeanCanvasView.swift in Sources */,
				F94FCE6F748D44FFB3818CD5 /* StartupIdeaDetailView.swift in Sources */,
				6DBE3A1BAD184559BB9A2C5D /* CodingState.swift in Sources */,
				E3598B023751412295058080 /* PracticeState.swift in Sources */,
				10134D0E5B434A3188202836 /* TypingState.swift in Sources */,
				3DD31A0D8C8947BE8218E13C /* CodingError.swift in Sources */,
				66F9FFA8FFC3495692153C2F /* PracticeError.swift in Sources */,
				0478771316444FDAB1F174D5 /* TypingError.swift in Sources */,
				55578A81B448444AAF79DD6B /* CodingPracticeViewModel.swift in Sources */,
				322D5F530E264659B28E4924 /* RoadmapViewModel.swift in Sources */,
				F0A31BFEADA04A1183DC69E9 /* TypingTrainerViewModel.swift in Sources */,
				9D558D1804C4496D81238175 /* CodeEditorView.swift in Sources */,
				CD63DEF67A444879935D3431 /* CodingPracticeListView.swift in Sources */,
				945C70C6B6284C37B03BF9D0 /* QuizView.swift in Sources */,
				71854E0BB3824965B6F9E72D /* RoadmapView.swift in Sources */,
				D28BC3E7A6D1424CA9492890 /* TypingTrainerView.swift in Sources */,
				544D5DF5E70449ACB894D705 /* AOSCommonTypes.swift in Sources */,
				4B559AB305F549F3974C9B64 /* AOSNotificationManager.swift in Sources */,
				3536F90F11244FD6B9CB3135 /* CompanyBuilderState.swift in Sources */,
				E6529DD6E7904B19806F7F57 /* CompanyBuilderError.swift in Sources */,
				D725484DA60A4DFB84CAD22C /* AICompanyAdvisorViewModel.swift in Sources */,
				4D6E90451A0B445BBDA3EBCB /* CompanyBuilderViewModel.swift in Sources */,
				0F3E281A881043CFAE70A16B /* CompanyBuilderDashboardView.swift in Sources */,
				3B2A41402C8D40A99A57B5E5 /* CompanyDetailView.swift in Sources */,
				1EB4913DCD694CA596516CC6 /* DailyMissionState.swift in Sources */,
				81DD610C83DE4DCFAAC79CBE /* DailyMissionError.swift in Sources */,
				401ABDC3191D4BB3854B24DE /* DailyMissionViewModel.swift in Sources */,
				3EA737BD51354772B7FE8884 /* DailyMissionView.swift in Sources */,
				5A96A37DA11349B5AAE837EF /* DashboardWidget.swift in Sources */,
				9B826AB5D3D24A5AA4A6021B /* SensorContext.swift in Sources */,
				BD905FBCA7A64C01B531445A /* AOSDashboardService.swift in Sources */,
				AA8D03764B70427D97EFBB7E /* DashboardServiceProtocol.swift in Sources */,
				A6D869DB9D7F4930ABD8CE2C /* CEODashboardState.swift in Sources */,
				81D50A78157C4A0596486549 /* CEODashboardError.swift in Sources */,
				248E0691C33842CE8ECEE97A /* AICEODecisionAdvisorViewModel.swift in Sources */,
				D2973126D3A94A9A957706E4 /* CEODashboardViewModel.swift in Sources */,
				D6E990D2E1834F87950DF1BC /* DashboardViewModel.swift in Sources */,
				8EFC35CE2D7C4219A8AF5DB8 /* CEODashboardConsoleView.swift in Sources */,
				273882EE3BA146C6AF4107AB /* DashboardView.swift in Sources */,
				C501FC322D0247C685F823D9 /* MainAppContainerView.swift in Sources */,
				83514B4D263C49D4BD53668A /* CEOWorkspaceView.swift in Sources */,
				9E35A9AABF4643DCA2354290 /* DeveloperWorkspaceView.swift in Sources */,
				95CADFF80B18485C85E3EFFB /* EmployeeWorkspaceView.swift in Sources */,
				271D0186F84243C68A8DEB55 /* EntrepreneurWorkspaceView.swift in Sources */,
				F4C3838E072240DB81AF6322 /* AdvancedFinanceState.swift in Sources */,
				E2AF50AF377D4DE895A0462F /* FinanceState.swift in Sources */,
				CBD2269870914CAC84794C68 /* AdvancedFinanceError.swift in Sources */,
				CD2C4D3148AC472E95E9B4A4 /* FinanceError.swift in Sources */,
				8E2944E4E628411E898E582D /* AdvancedFinanceViewModel.swift in Sources */,
				2FC9E71204C14A229D4814C8 /* AIFinanceInsightsViewModel.swift in Sources */,
				3950E1870EE24476909EDF18 /* FinanceViewModel.swift in Sources */,
				283FDE10268F4520A8B37021 /* AdvancedFinanceDashboardView.swift in Sources */,
				0B920CCDC1F748AEA5B6E423 /* BudgetPlannerView.swift in Sources */,
				C675DA52C7E74832AB695535 /* FinanceDashboardView.swift in Sources */,
				6380C1A213E54651B6A1EC92 /* FinancialAnalyticsReportView.swift in Sources */,
				BFF347179961484F97433437 /* InvestmentsPortfolioView.swift in Sources */,
				B0972CAD1B734567B5F5D706 /* LoanEMICalculatorView.swift in Sources */,
				9E3A0F40BD924C5B99A981B7 /* SavingsGoalsListView.swift in Sources */,
				A0A4C8DA3AF84D8D89B7F59D /* TransactionLedgerView.swift in Sources */,
				460E6781B1264B38AB5BE5B2 /* GoalState.swift in Sources */,
				DC91943A257049B785C09CFB /* GoalError.swift in Sources */,
				835A7D67266647318A12BA9D /* GoalViewModel.swift in Sources */,
				739450DD8966437DACDE1F68 /* AddGoalView.swift in Sources */,
				12ABC64445774FB1BEBF1231 /* GoalListView.swift in Sources */,
				E24072B438C349D7B8408807 /* HabitState.swift in Sources */,
				C39CF1A197C342B8BA31286D /* HabitError.swift in Sources */,
				08566CCDE9BF442F9368BA50 /* HabitViewModel.swift in Sources */,
				45A7159781CB42E8B258EA18 /* AddHabitView.swift in Sources */,
				391EA31EC75A4C11826E6BC5 /* HabitListView.swift in Sources */,
				175966F711F8440E9216EF2C /* JournalState.swift in Sources */,
				7B8FEBCBD6974F2E845903C5 /* JournalError.swift in Sources */,
				E6B2E02099664E82A9D52E42 /* JournalViewModel.swift in Sources */,
				801A9517849A43EBB2A6662A /* CBTReframingView.swift in Sources */,
				8C153B8B48EF460692DF1F93 /* JournalEditorView.swift in Sources */,
				94F24585F7694FB696301C17 /* JournalListView.swift in Sources */,
				6D59FABA101B4821A246D7A7 /* AOSLogger.swift in Sources */,
				39B3F34188B54E76832BBD6B /* APIClient.swift in Sources */,
				8C30A27A6794411CBE6110DE /* APIEndpoint.swift in Sources */,
				4D779D5E1EA84754886C0F41 /* NetworkError.swift in Sources */,
				7DF7DB7FAD9747AEBB7CAA8D /* ProfileState.swift in Sources */,
				3445B2188B0F449D868928EA /* ProfileError.swift in Sources */,
				E5CD0DD3F7AE432EA84AFFF5 /* ProfileViewModel.swift in Sources */,
				A1E24F5C9BC94592B89DE10D /* EditProfileView.swift in Sources */,
				C2BEEB1E901B40279244B0C7 /* ProfileView.swift in Sources */,
				D408D66F917D4AC2BA32A064 /* ReadingState.swift in Sources */,
				6F6E7B2ADCF14E1CA9EA8CA6 /* ReadingError.swift in Sources */,
				580AE74E2A5D474CA52173BE /* ReadingViewModel.swift in Sources */,
				CA85ACE37A0F426EA34AB16A /* ActiveRecallView.swift in Sources */,
				D4E2E1B3F06D4D7AADC3438F /* BookDetailView.swift in Sources */,
				CE661914423B4D7585C28D88 /* BookListView.swift in Sources */,
				0FC0A747F409471A92CC69CA /* EncryptionHelper.swift in Sources */,
				35E5D50046924B91BA16F6D0 /* KeychainManager.swift in Sources */,
			);
			runOnlyForDeploymentPostprocessing = 0;
		};
/* End PBXSourcesBuildPhase section */

/* Begin XCBuildConfiguration section */
		5B23E74B49734200B7023011 /* Debug */ = {
			isa = XCBuildConfiguration;
			buildSettings = {
				ALWAYS_SEARCH_USER_PATHS = NO;
				CLANG_ENABLE_MODULES = YES;
				CODE_SIGN_IDENTITY = "";
				CODE_SIGNING_ALLOWED = NO;
				CODE_SIGNING_REQUIRED = NO;
				IPHONEOS_DEPLOYMENT_TARGET = 17.0;
				SDKROOT = iphonesimulator;
				SUPPORTED_PLATFORMS = "iphonesimulator iphoneos";
				SWIFT_VERSION = 5.0;
			};
			name = Debug;
		};
		4649E09231E542F48C9F26EC /* Release */ = {
			isa = XCBuildConfiguration;
			buildSettings = {
				ALWAYS_SEARCH_USER_PATHS = NO;
				CLANG_ENABLE_MODULES = YES;
				CODE_SIGN_IDENTITY = "";
				CODE_SIGNING_ALLOWED = NO;
				CODE_SIGNING_REQUIRED = NO;
				IPHONEOS_DEPLOYMENT_TARGET = 17.0;
				SDKROOT = iphonesimulator;
				SUPPORTED_PLATFORMS = "iphonesimulator iphoneos";
				SWIFT_VERSION = 5.0;
			};
			name = Release;
		};
		BCB9CC76AD9B4D998A446798 /* Debug */ = {
			isa = XCBuildConfiguration;
			buildSettings = {
				ASSETCATALOG_COMPILER_APPICON_NAME = AppIcon;
				GENERATE_INFOPLIST_FILE = YES;
				INFOPLIST_KEY_CFBundleDisplayName = "ATHARVA OS";
				INFOPLIST_KEY_LSRequiresIPhoneOS = YES;
				INFOPLIST_KEY_UILaunchScreen_Generation = YES;
				INFOPLIST_KEY_UISupportedInterfaceOrientations_iPhone = "UIInterfaceOrientationPortrait";
				LD_RUNPATH_SEARCH_PATHS = (
					"$(inherited)",
					"@executable_path/Frameworks",
				);
				PRODUCT_BUNDLE_IDENTIFIER = com.atharva.aos;
				PRODUCT_NAME = "$(TARGET_NAME)";
				SWIFT_EMIT_LOC_STRINGS = YES;
				SWIFT_VERSION = 5.0;
				TARGETED_DEVICE_FAMILY = "1,2";
			};
			name = Debug;
		};
		AFD3E34657CB4042A064E7BA /* Release */ = {
			isa = XCBuildConfiguration;
			buildSettings = {
				ASSETCATALOG_COMPILER_APPICON_NAME = AppIcon;
				GENERATE_INFOPLIST_FILE = YES;
				INFOPLIST_KEY_CFBundleDisplayName = "ATHARVA OS";
				INFOPLIST_KEY_LSRequiresIPhoneOS = YES;
				INFOPLIST_KEY_UILaunchScreen_Generation = YES;
				INFOPLIST_KEY_UISupportedInterfaceOrientations_iPhone = "UIInterfaceOrientationPortrait";
				LD_RUNPATH_SEARCH_PATHS = (
					"$(inherited)",
					"@executable_path/Frameworks",
				);
				PRODUCT_BUNDLE_IDENTIFIER = com.atharva.aos;
				PRODUCT_NAME = "$(TARGET_NAME)";
				SWIFT_EMIT_LOC_STRINGS = YES;
				SWIFT_VERSION = 5.0;
				TARGETED_DEVICE_FAMILY = "1,2";
			};
			name = Release;
		};
/* End XCBuildConfiguration section */

/* Begin XCConfigurationList section */
		F50E2C2989054F788A9C4385 /* Build configuration list for PBXProject "ATHARVA_OS" */ = {
			isa = XCConfigurationList;
			buildConfigurations = (
				5B23E74B49734200B7023011 /* Debug */,
				4649E09231E542F48C9F26EC /* Release */,
			);
			defaultConfigurationIsVisible = 0;
			defaultConfigurationName = Release;
		};
		68E43A6FB6AC4F21BC469921 /* Build configuration list for PBXNativeTarget "ATHARVA_OS" */ = {
			isa = XCConfigurationList;
			buildConfigurations = (
				BCB9CC76AD9B4D998A446798 /* Debug */,
				AFD3E34657CB4042A064E7BA /* Release */,
			);
			defaultConfigurationIsVisible = 0;
			defaultConfigurationName = Release;
		};
/* End XCConfigurationList section */
	};
	rootObject = 83F5CD8067A34F7FBB7E8C0A /* Project Object */;
}
